// !$*UTF8*$!
{
	archiveVersion = 1;
	classes = {
	};
	objectVersion = 77;
	objects = {

/* Begin PBXBuildFile section */
		DA07096E2C99E053002D1F35 /* ListDetailViewModel.swift in Sources */ = {isa = PBXBuildFile; fileRef = DA07096D2C99E04F002D1F35 /* ListDetailViewModel.swift */; };
		DA0709702C99E9B1002D1F35 /* ListItemView.swift in Sources */ = {isa = PBXBuildFile; fileRef = DA07096F2C99E9AC002D1F35 /* ListItemView.swift */; };
		DA1B479B2CD6697B0044D540 /* LocationViewModel.swift in Sources */ = {isa = PBXBuildFile; fileRef = DA1B479A2CD669740044D540 /* LocationViewModel.swift */; };
		DA1B479D2CD66A4D0044D540 /* MapView.swift in Sources */ = {isa = PBXBuildFile; fileRef = DA1B479C2CD66A480044D540 /* MapView.swift */; };
		DA1C8BEB2D005EAB00DB6E53 /* SubheadingView.swift in Sources */ = {isa = PBXBuildFile; fileRef = DA1C8BEA2D005EA300DB6E53 /* SubheadingView.swift */; };
		DA1D98822CD23BDA00939322 /* HistoryView.swift in Sources */ = {isa = PBXBuildFile; fileRef = DA1D98812CD23BD900939322 /* HistoryView.swift */; };
		DA1D98842CD23BEC00939322 /* HistoryViewModel.swift in Sources */ = {isa = PBXBuildFile; fileRef = DA1D98832CD23BEB00939322 /* HistoryViewModel.swift */; };
		DA1D98AA2CD25D9C00939322 /* LimitTasksInProgressView.swift in Sources */ = {isa = PBXBuildFile; fileRef = DA1D98A92CD25D9700939322 /* LimitTasksInProgressView.swift */; };
		DA1F10D22C9AF13B004A2AB0 /* ReminderRow.swift in Sources */ = {isa = PBXBuildFile; fileRef = DA1F10D12C9AF139004A2AB0 /* ReminderRow.swift */; };
		DA1F10D42C9AF163004A2AB0 /* SubheadingSection.swift in Sources */ = {isa = PBXBuildFile; fileRef = DA1F10D32C9AF162004A2AB0 /* SubheadingSection.swift */; };
		DA1F10D62C9AF184004A2AB0 /* SubheadingHeader.swift in Sources */ = {isa = PBXBuildFile; fileRef = DA1F10D52C9AF182004A2AB0 /* SubheadingHeader.swift */; };
		DA1F10D82C9AF1B6004A2AB0 /* View+Extensions.swift in Sources */ = {isa = PBXBuildFile; fileRef = DA1F10D72C9AF1B3004A2AB0 /* View+Extensions.swift */; };
		DA1F10DA2C9B041D004A2AB0 /* SearchViewModel.swift in Sources */ = {isa = PBXBuildFile; fileRef = DA1F10D92C9B041C004A2AB0 /* SearchViewModel.swift */; };
		DA1F10DC2C9B0BD3004A2AB0 /* SwipeableTaskDetailViewWrapper.swift in Sources */ = {isa = PBXBuildFile; fileRef = DA1F10DB2C9B0BC9004A2AB0 /* SwipeableTaskDetailViewWrapper.swift */; };
		DA1F10DE2C9B0C6A004A2AB0 /* TagRowView.swift in Sources */ = {isa = PBXBuildFile; fileRef = DA1F10DD2C9B0C69004A2AB0 /* TagRowView.swift */; };
		DA1F10EB2C9B1CC3004A2AB0 /* AppSettings.swift in Sources */ = {isa = PBXBuildFile; fileRef = DA1F10EA2C9B1CC2004A2AB0 /* AppSettings.swift */; };
		DA1F10EE2C9B2147004A2AB0 /* ColorUtilities.swift in Sources */ = {isa = PBXBuildFile; fileRef = DA1F10ED2C9B2142004A2AB0 /* ColorUtilities.swift */; };
		DA28051C2CAEE2A80067601A /* UpcomingViewModel.swift in Sources */ = {isa = PBXBuildFile; fileRef = DA28051B2CAEE2A70067601A /* UpcomingViewModel.swift */; };
		DA28051E2CAEE2E30067601A /* TaskView.swift in Sources */ = {isa = PBXBuildFile; fileRef = DA28051D2CAEE2D80067601A /* TaskView.swift */; };
		DA33C4E42C9864D9002F2613 /* AddSubHeadingView.swift in Sources */ = {isa = PBXBuildFile; fileRef = DA33C4E32C9864D9002F2613 /* AddSubHeadingView.swift */; };
		DA33C4E72C986760002F2613 /* AddReminderViewModel.swift in Sources */ = {isa = PBXBuildFile; fileRef = DA33C4E62C986760002F2613 /* AddReminderViewModel.swift */; };
		DA33C4E92C9867BB002F2613 /* TitleFieldView.swift in Sources */ = {isa = PBXBuildFile; fileRef = DA33C4E82C9867BB002F2613 /* TitleFieldView.swift */; };
		DA33C4ED2C98680A002F2613 /* ListFieldView.swift in Sources */ = {isa = PBXBuildFile; fileRef = DA33C4EC2C98680A002F2613 /* ListFieldView.swift */; };
		DA33C4EF2C98681D002F2613 /* PriorityFieldView.swift in Sources */ = {isa = PBXBuildFile; fileRef = DA33C4EE2C98681D002F2613 /* PriorityFieldView.swift */; };
		DA33C4F12C986831002F2613 /* LinkFieldView.swift in Sources */ = {isa = PBXBuildFile; fileRef = DA33C4F02C986831002F2613 /* LinkFieldView.swift */; };
		DA33C4F32C986844002F2613 /* NotificationsFieldView.swift in Sources */ = {isa = PBXBuildFile; fileRef = DA33C4F22C986844002F2613 /* NotificationsFieldView.swift */; };
		DA33C4F52C98685B002F2613 /* TagsFieldView.swift in Sources */ = {isa = PBXBuildFile; fileRef = DA33C4F42C98685B002F2613 /* TagsFieldView.swift */; };
		DA33C4F72C98686F002F2613 /* NotesFieldView.swift in Sources */ = {isa = PBXBuildFile; fileRef = DA33C4F62C98686F002F2613 /* NotesFieldView.swift */; };
		DA33C4F92C986885002F2613 /* VoiceNoteButton.swift in Sources */ = {isa = PBXBuildFile; fileRef = DA33C4F82C986885002F2613 /* VoiceNoteButton.swift */; };
		DA33C4FB2C98689D002F2613 /* PhotosFieldView.swift in Sources */ = {isa = PBXBuildFile; fileRef = DA33C4FA2C98689D002F2613 /* PhotosFieldView.swift */; };
		DA33C4FD2C9868AF002F2613 /* ButtonRowView.swift in Sources */ = {isa = PBXBuildFile; fileRef = DA33C4FC2C9868AF002F2613 /* ButtonRowView.swift */; };
		DA33C4FF2C9869E7002F2613 /* ExpandedPhotoOverlayView.swift in Sources */ = {isa = PBXBuildFile; fileRef = DA33C4FE2C9869E7002F2613 /* ExpandedPhotoOverlayView.swift */; };
		DA33C5032C987646002F2613 /* ListViewModel.swift in Sources */ = {isa = PBXBuildFile; fileRef = DA33C5022C987646002F2613 /* ListViewModel.swift */; };
		DA35FB632CDBEAC7009208E4 /* TaskLimitManager.swift in Sources */ = {isa = PBXBuildFile; fileRef = DA35FB622CDBEAC6009208E4 /* TaskLimitManager.swift */; };
		DA3897E02CDE5CC000D83878 /* MoveTaskView.swift in Sources */ = {isa = PBXBuildFile; fileRef = DA3897DF2CDE5CBF00D83878 /* MoveTaskView.swift */; };
		DA3897E22CDE603100D83878 /* RepeatFieldView.swift in Sources */ = {isa = PBXBuildFile; fileRef = DA3897E12CDE603000D83878 /* RepeatFieldView.swift */; };
		DA3BFC382C9C1DAC00E16F05 /* Paywall.swift in Sources */ = {isa = PBXBuildFile; fileRef = DA3BFC372C9C1DAC00E16F05 /* Paywall.swift */; };
		DA3BFC3A2C9C1E2600E16F05 /* SubscriptionManager.swift in Sources */ = {isa = PBXBuildFile; fileRef = DA3BFC392C9C1E2200E16F05 /* SubscriptionManager.swift */; };
		DA3BFC582C9C372500E16F05 /* TaskDetailViewModel.swift in Sources */ = {isa = PBXBuildFile; fileRef = DA3BFC572C9C372200E16F05 /* TaskDetailViewModel.swift */; };
		DA44BFA52CDFCD88005C4BBB /* Notification+Names.swift in Sources */ = {isa = PBXBuildFile; fileRef = DA44BFA42CDFCD87005C4BBB /* Notification+Names.swift */; };
		DA486DF22CF498AD0062813A /* NoSubheadingDropZone.swift in Sources */ = {isa = PBXBuildFile; fileRef = DA486DF12CF498AA0062813A /* NoSubheadingDropZone.swift */; };
		DA4D95E92CDD465000687CB9 /* TitleTextField.swift in Sources */ = {isa = PBXBuildFile; fileRef = DA4D95E82CDD464B00687CB9 /* TitleTextField.swift */; };
		DA4FF9842CF715200011F4E5 /* LocationPermissionManager.swift in Sources */ = {isa = PBXBuildFile; fileRef = DA4FF9832CF7151F0011F4E5 /* LocationPermissionManager.swift */; };
		DA4FF9862CF778110011F4E5 /* TaskLimitChecker.swift in Sources */ = {isa = PBXBuildFile; fileRef = DA4FF9852CF778100011F4E5 /* TaskLimitChecker.swift */; };
		DA5350612CFB4482000F9EEF /* PersistenceController.swift in Sources */ = {isa = PBXBuildFile; fileRef = DA5350312CFB1E87000F9EEF /* PersistenceController.swift */; };
		DA5350F82CFB44FD000F9EEF /* ReminderToken.swift in Sources */ = {isa = PBXBuildFile; fileRef = DA5350322CFB1E87000F9EEF /* ReminderToken.swift */; };
		DA5350FC2CFB44FD000F9EEF /* ColorEntityManager.swift.swift in Sources */ = {isa = PBXBuildFile; fileRef = DA53502F2CFB1E87000F9EEF /* ColorEntityManager.swift.swift */; };
		DA5350FE2CFB44FD000F9EEF /* TimelineModels.swift in Sources */ = {isa = PBXBuildFile; fileRef = DA5350332CFB1E87000F9EEF /* TimelineModels.swift */; };
		DA5351012CFB44FD000F9EEF /* PersistenceController.swift in Sources */ = {isa = PBXBuildFile; fileRef = DA5350312CFB1E87000F9EEF /* PersistenceController.swift */; };
		DA5351032CFB44FD000F9EEF /* DragStateManager.swift in Sources */ = {isa = PBXBuildFile; fileRef = DACF55042CED0796001F0B42 /* DragStateManager.swift */; };
		DA5351072CFB44FD000F9EEF /* AppIntents.swift in Sources */ = {isa = PBXBuildFile; fileRef = DAD784FF2CF4BEE50032E427 /* AppIntents.swift */; };
		DA5351082CFB44FD000F9EEF /* ReminderDropDelegate.swift in Sources */ = {isa = PBXBuildFile; fileRef = DAF05E1A2CF0EA2E00F534D2 /* ReminderDropDelegate.swift */; };
		DA5351092CFB44FD000F9EEF /* ColorEntityManager.swift.swift in Sources */ = {isa = PBXBuildFile; fileRef = DA53502F2CFB1E87000F9EEF /* ColorEntityManager.swift.swift */; };
		DA53510B2CFB44FD000F9EEF /* ReminderToken.swift in Sources */ = {isa = PBXBuildFile; fileRef = DA5350322CFB1E87000F9EEF /* ReminderToken.swift */; };
		DA53510C2CFB44FD000F9EEF /* TimelineModels.swift in Sources */ = {isa = PBXBuildFile; fileRef = DA5350332CFB1E87000F9EEF /* TimelineModels.swift */; };
		DA5351142CFB45D4000F9EEF /* ListDetailViewModel.swift in Sources */ = {isa = PBXBuildFile; fileRef = DA07096D2C99E04F002D1F35 /* ListDetailViewModel.swift */; };
		DA5351152CFB45E8000F9EEF /* SearchViewModel.swift in Sources */ = {isa = PBXBuildFile; fileRef = DA1F10D92C9B041C004A2AB0 /* SearchViewModel.swift */; };
		DA5AD4362CEA4F9800AB9800 /* ErrorView.swift in Sources */ = {isa = PBXBuildFile; fileRef = DA5AD4352CEA4F9700AB9800 /* ErrorView.swift */; };
		DA5B3F3A2CA6C23900ECF757 /* Upcoming.swift in Sources */ = {isa = PBXBuildFile; fileRef = DA5B3F392CA6C23500ECF757 /* Upcoming.swift */; };
		DA66720E2C944588002BF8FC /* VoiceNoteSheetView.swift in Sources */ = {isa = PBXBuildFile; fileRef = DA66720D2C944588002BF8FC /* VoiceNoteSheetView.swift */; };
		DA69714E2CC5B26A0050D108 /* SearchBar.swift in Sources */ = {isa = PBXBuildFile; fileRef = DA69714D2CC5B2690050D108 /* SearchBar.swift */; };
		DA7D7D4D2C808E3D00CC258C /* HexagonApp.swift in Sources */ = {isa = PBXBuildFile; fileRef = DA7D7D4C2C808E3D00CC258C /* HexagonApp.swift */; };
		DA7D7D562C808E3E00CC258C /* Assets.xcassets in Resources */ = {isa = PBXBuildFile; fileRef = DA7D7D552C808E3E00CC258C /* Assets.xcassets */; };
		DA7D7D5A2C808E3E00CC258C /* Preview Assets.xcassets in Resources */ = {isa = PBXBuildFile; fileRef = DA7D7D592C808E3E00CC258C /* Preview Assets.xcassets */; };
		DA7D7D812C80907500CC258C /* CustomOperators.swift in Sources */ = {isa = PBXBuildFile; fileRef = DA7D7D802C80907500CC258C /* CustomOperators.swift */; };
		DA7D7D852C80909200CC258C /* ImagePicker.swift in Sources */ = {isa = PBXBuildFile; fileRef = DA7D7D842C80909200CC258C /* ImagePicker.swift */; };
		DA7D7D932C80914000CC258C /* TaskScheduleView.swift in Sources */ = {isa = PBXBuildFile; fileRef = DA7D7D922C80914000CC258C /* TaskScheduleView.swift */; };
		DA7D7D952C80915100CC258C /* AgendaView.swift in Sources */ = {isa = PBXBuildFile; fileRef = DA7D7D942C80915100CC258C /* AgendaView.swift */; };
		DA7D7D972C80916000CC258C /* DateHeaderView.swift in Sources */ = {isa = PBXBuildFile; fileRef = DA7D7D962C80916000CC258C /* DateHeaderView.swift */; };
		DA7D7D992C80917500CC258C /* TimeSlotsView.swift in Sources */ = {isa = PBXBuildFile; fileRef = DA7D7D982C80917500CC258C /* TimeSlotsView.swift */; };
		DA7D7D9B2C80918B00CC258C /* EventView.swift in Sources */ = {isa = PBXBuildFile; fileRef = DA7D7D9A2C80918B00CC258C /* EventView.swift */; };
		DA7D7DA32C8091D000CC258C /* AppearanceSettingsView.swift in Sources */ = {isa = PBXBuildFile; fileRef = DA7D7DA22C8091D000CC258C /* AppearanceSettingsView.swift */; };
		DA7D7DA72C8091F000CC258C /* DateSettingsView.swift in Sources */ = {isa = PBXBuildFile; fileRef = DA7D7DA62C8091F000CC258C /* DateSettingsView.swift */; };
		DA7D7DB12C80926200CC258C /* FloatingActionButton.swift in Sources */ = {isa = PBXBuildFile; fileRef = DA7D7DB02C80926200CC258C /* FloatingActionButton.swift */; };
		DA7D7DB52C80929200CC258C /* ColorPickerView.swift in Sources */ = {isa = PBXBuildFile; fileRef = DA7D7DB42C80929200CC258C /* ColorPickerView.swift */; };
		DA7D7DB82C80932C00CC258C /* SymbolPickerView.swift in Sources */ = {isa = PBXBuildFile; fileRef = DA7D7DB72C80932C00CC258C /* SymbolPickerView.swift */; };
		DA7D7DBA2C80934600CC258C /* ListCardView.swift in Sources */ = {isa = PBXBuildFile; fileRef = DA7D7DB92C80934600CC258C /* ListCardView.swift */; };
		DA7D7DBE2C80939300CC258C /* WebView.swift in Sources */ = {isa = PBXBuildFile; fileRef = DA7D7DBD2C80939300CC258C /* WebView.swift */; };
		DA7D7DC02C8093BF00CC258C /* ZoomableScrollView.swift in Sources */ = {isa = PBXBuildFile; fileRef = DA7D7DBF2C8093BF00CC258C /* ZoomableScrollView.swift */; };
		DA7D7DC22C80940A00CC258C /* TaskDetailView.swift in Sources */ = {isa = PBXBuildFile; fileRef = DA7D7DC12C80940A00CC258C /* TaskDetailView.swift */; };
		DA7D7DC82C80943600CC258C /* AddReminderView.swift in Sources */ = {isa = PBXBuildFile; fileRef = DA7D7DC72C80943600CC258C /* AddReminderView.swift */; };
		DA7D7DCA2C80944700CC258C /* NotificationSheetView.swift in Sources */ = {isa = PBXBuildFile; fileRef = DA7D7DC92C80944700CC258C /* NotificationSheetView.swift */; };
		DA7D7DCC2C80945600CC258C /* TagsSheetView.swift in Sources */ = {isa = PBXBuildFile; fileRef = DA7D7DCB2C80945600CC258C /* TagsSheetView.swift */; };
		DA7D7DCE2C80946A00CC258C /* PrioritySheetView.swift in Sources */ = {isa = PBXBuildFile; fileRef = DA7D7DCD2C80946A00CC258C /* PrioritySheetView.swift */; };
		DA7D7DD02C80947700CC258C /* ListSheetView.swift in Sources */ = {isa = PBXBuildFile; fileRef = DA7D7DCF2C80947700CC258C /* ListSheetView.swift */; };
		DA7D7DD22C80948300CC258C /* PhotosSheetView.swift in Sources */ = {isa = PBXBuildFile; fileRef = DA7D7DD12C80948300CC258C /* PhotosSheetView.swift */; };
		DA7D7DD42C80949800CC258C /* NotesSheetView.swift in Sources */ = {isa = PBXBuildFile; fileRef = DA7D7DD32C80949800CC258C /* NotesSheetView.swift */; };
		DA7D7DD82C8094B700CC258C /* LinkSheetView.swift in Sources */ = {isa = PBXBuildFile; fileRef = DA7D7DD72C8094B700CC258C /* LinkSheetView.swift */; };
		DA7D7DDC2C8094EC00CC258C /* AddNewListView.swift in Sources */ = {isa = PBXBuildFile; fileRef = DA7D7DDB2C8094EC00CC258C /* AddNewListView.swift */; };
		DA7D7DE02C80950F00CC258C /* ListDetailView.swift in Sources */ = {isa = PBXBuildFile; fileRef = DA7D7DDF2C80950F00CC258C /* ListDetailView.swift */; };
		DA7D7DE62C80953E00CC258C /* SwipeableTaskDetailView.swift in Sources */ = {isa = PBXBuildFile; fileRef = DA7D7DE52C80953E00CC258C /* SwipeableTaskDetailView.swift */; };
		DA7D7DE82C80955300CC258C /* ContentView.swift in Sources */ = {isa = PBXBuildFile; fileRef = DA7D7DE72C80955300CC258C /* ContentView.swift */; };
		DA7D7DEA2C80955F00CC258C /* SettingsView.swift in Sources */ = {isa = PBXBuildFile; fileRef = DA7D7DE92C80955F00CC258C /* SettingsView.swift */; };
		DA7D7DF02C80958400CC258C /* ListsView.swift in Sources */ = {isa = PBXBuildFile; fileRef = DA7D7DEF2C80958400CC258C /* ListsView.swift */; };
		DA7EAB972C8CEB3D00F577E3 /* permissionsView.swift in Sources */ = {isa = PBXBuildFile; fileRef = DA7EAB962C8CEB3D00F577E3 /* permissionsView.swift */; };
		DA7EAB992C8E1EF400F577E3 /* WelcomeView.swift in Sources */ = {isa = PBXBuildFile; fileRef = DA7EAB982C8E1EF400F577E3 /* WelcomeView.swift */; };
		DA7EAB9C2C8E2DDA00F577E3 /* HexagonTips.swift in Sources */ = {isa = PBXBuildFile; fileRef = DA7EAB9B2C8E2DDA00F577E3 /* HexagonTips.swift */; };
		DA8138852C9ABFEA000DDCFF /* UIHelper.swift in Sources */ = {isa = PBXBuildFile; fileRef = DA8138842C9ABFE7000DDCFF /* UIHelper.swift */; };
		DA8213102C93213200BC9B41 /* TaskTermSelectionView.swift in Sources */ = {isa = PBXBuildFile; fileRef = DA82130F2C93213200BC9B41 /* TaskTermSelectionView.swift */; };
		DA8213122C93326D00BC9B41 /* CustomButton.swift in Sources */ = {isa = PBXBuildFile; fileRef = DA8213112C93326D00BC9B41 /* CustomButton.swift */; };
		DA8D41992CEA0FC800B584A8 /* ReminderRowWrapper.swift in Sources */ = {isa = PBXBuildFile; fileRef = DA8D41982CEA0FC100B584A8 /* ReminderRowWrapper.swift */; };
		DA8FA9972CF5C39E007B94EC /* WidgetKit.framework in Frameworks */ = {isa = PBXBuildFile; fileRef = DA6320432C9081D400E58414 /* WidgetKit.framework */; };
		DA8FA9982CF5C39E007B94EC /* SwiftUI.framework in Frameworks */ = {isa = PBXBuildFile; fileRef = DA6320452C9081D400E58414 /* SwiftUI.framework */; };
		DA8FA9A42CF5C3A0007B94EC /* HexWidget.appex in Embed Foundation Extensions */ = {isa = PBXBuildFile; fileRef = DA8FA9962CF5C39E007B94EC /* HexWidget.appex */; settings = {ATTRIBUTES = (RemoveHeadersOnCopy, ); }; };
		DA8FA9DC2CF5C809007B94EC /* Notification+Names.swift in Sources */ = {isa = PBXBuildFile; fileRef = DA44BFA42CDFCD87005C4BBB /* Notification+Names.swift */; };
		DA92BF422CD95EA800DBAD5C /* MediaManager.swift in Sources */ = {isa = PBXBuildFile; fileRef = DA92BF412CD95EA700DBAD5C /* MediaManager.swift */; };
		DA92BF462CD95ED800DBAD5C /* SubHeadingViewModel.swift in Sources */ = {isa = PBXBuildFile; fileRef = DA92BF452CD95ED800DBAD5C /* SubHeadingViewModel.swift */; };
		DA981FDE2C91F99C00E17318 /* Constants.swift in Sources */ = {isa = PBXBuildFile; fileRef = DA981FDD2C91F99C00E17318 /* Constants.swift */; };
		DAA8A2CF2CFF5C6500D5DAC8 /* ViewState.swift in Sources */ = {isa = PBXBuildFile; fileRef = DAA8A2CD2CFF5C6500D5DAC8 /* ViewState.swift */; };
		DAA8A2D52CFF5C6500D5DAC8 /* ViewState.swift in Sources */ = {isa = PBXBuildFile; fileRef = DAA8A2CD2CFF5C6500D5DAC8 /* ViewState.swift */; };
		DAA8A3122CFF891600D5DAC8 /* AppError.swift in Sources */ = {isa = PBXBuildFile; fileRef = DAA8A3112CFF891600D5DAC8 /* AppError.swift */; };
		DAA8A3132CFF891600D5DAC8 /* AppError.swift in Sources */ = {isa = PBXBuildFile; fileRef = DAA8A3112CFF891600D5DAC8 /* AppError.swift */; };
		DAA8A3152CFF892300D5DAC8 /* DomainErrors.swift in Sources */ = {isa = PBXBuildFile; fileRef = DAA8A3142CFF892300D5DAC8 /* DomainErrors.swift */; };
		DAA8A3162CFF892300D5DAC8 /* DomainErrors.swift in Sources */ = {isa = PBXBuildFile; fileRef = DAA8A3142CFF892300D5DAC8 /* DomainErrors.swift */; };
		DAA8A31B2CFF894000D5DAC8 /* ErrorHandlerService.swift in Sources */ = {isa = PBXBuildFile; fileRef = DAA8A31A2CFF893F00D5DAC8 /* ErrorHandlerService.swift */; };
		DAA8A31C2CFF894000D5DAC8 /* ErrorHandlerService.swift in Sources */ = {isa = PBXBuildFile; fileRef = DAA8A31A2CFF893F00D5DAC8 /* ErrorHandlerService.swift */; };
		DAAB822B2C8B3A0F007605E4 /* AppDelegate.swift in Sources */ = {isa = PBXBuildFile; fileRef = DAAB822A2C8B3A0F007605E4 /* AppDelegate.swift */; };
		DAB05C1D2C9D8BF400BAC0A0 /* SwipeableTaskDetailViewModel.swift in Sources */ = {isa = PBXBuildFile; fileRef = DAB05C1C2C9D8BF100BAC0A0 /* SwipeableTaskDetailViewModel.swift */; };
		DAC494B32CD764F0002AFD54 /* LocationMonitoringManager.swift in Sources */ = {isa = PBXBuildFile; fileRef = DAC494B22CD764E5002AFD54 /* LocationMonitoringManager.swift */; };
		DAC494B72CD77CD3002AFD54 /* TodayViewModel.swift in Sources */ = {isa = PBXBuildFile; fileRef = DAC494B62CD77CCD002AFD54 /* TodayViewModel.swift */; };
		DACF55052CED0797001F0B42 /* DragStateManager.swift in Sources */ = {isa = PBXBuildFile; fileRef = DACF55042CED0796001F0B42 /* DragStateManager.swift */; };
		DACFB0BD2CE6219D005A7939 /* SubheadingManager.swift in Sources */ = {isa = PBXBuildFile; fileRef = DACFB0BC2CE6219A005A7939 /* SubheadingManager.swift */; };
		DAD785002CF4BEF10032E427 /* AppIntents.swift in Sources */ = {isa = PBXBuildFile; fileRef = DAD784FF2CF4BEE50032E427 /* AppIntents.swift */; };
		DAEB301A2CD67B4900EFE350 /* SavedLocationsView.swift in Sources */ = {isa = PBXBuildFile; fileRef = DAEB30192CD67B4300EFE350 /* SavedLocationsView.swift */; };
		DAF05E1B2CF0EA3300F534D2 /* ReminderDropDelegate.swift in Sources */ = {isa = PBXBuildFile; fileRef = DAF05E1A2CF0EA2E00F534D2 /* ReminderDropDelegate.swift */; };
/* End PBXBuildFile section */

/* Begin PBXContainerItemProxy section */
		DA8FA9A22CF5C3A0007B94EC /* PBXContainerItemProxy */ = {
			isa = PBXContainerItemProxy;
			containerPortal = DA7D7D412C808E3D00CC258C /* Project object */;
			proxyType = 1;
			remoteGlobalIDString = DA8FA9952CF5C39E007B94EC;
			remoteInfo = HexWidgetExtension;
		};
/* End PBXContainerItemProxy section */

/* Begin PBXCopyFilesBuildPhase section */
		DA6320552C9081D400E58414 /* Embed Foundation Extensions */ = {
			isa = PBXCopyFilesBuildPhase;
			buildActionMask = 2147483647;
			dstPath = "";
			dstSubfolderSpec = 13;
			files = (
				DA8FA9A42CF5C3A0007B94EC /* HexWidget.appex in Embed Foundation Extensions */,
			);
			name = "Embed Foundation Extensions";
			runOnlyForDeploymentPostprocessing = 0;
		};
		DAD785122CF4D8E10032E427 /* Embed Frameworks */ = {
			isa = PBXCopyFilesBuildPhase;
			buildActionMask = 2147483647;
			dstPath = "";
			dstSubfolderSpec = 10;
			files = (
			);
			name = "Embed Frameworks";
			runOnlyForDeploymentPostprocessing = 0;
		};
/* End PBXCopyFilesBuildPhase section */

/* Begin PBXFileReference section */
		DA07096D2C99E04F002D1F35 /* ListDetailViewModel.swift */ = {isa = PBXFileReference; lastKnownFileType = sourcecode.swift; path = ListDetailViewModel.swift; sourceTree = "<group>"; };
		DA07096F2C99E9AC002D1F35 /* ListItemView.swift */ = {isa = PBXFileReference; lastKnownFileType = sourcecode.swift; path = ListItemView.swift; sourceTree = "<group>"; };
		DA1B479A2CD669740044D540 /* LocationViewModel.swift */ = {isa = PBXFileReference; lastKnownFileType = sourcecode.swift; path = LocationViewModel.swift; sourceTree = "<group>"; };
		DA1B479C2CD66A480044D540 /* MapView.swift */ = {isa = PBXFileReference; lastKnownFileType = sourcecode.swift; path = MapView.swift; sourceTree = "<group>"; };
		DA1C8BEA2D005EA300DB6E53 /* SubheadingView.swift */ = {isa = PBXFileReference; lastKnownFileType = sourcecode.swift; path = SubheadingView.swift; sourceTree = "<group>"; };
		DA1D98812CD23BD900939322 /* HistoryView.swift */ = {isa = PBXFileReference; lastKnownFileType = sourcecode.swift; path = HistoryView.swift; sourceTree = "<group>"; };
		DA1D98832CD23BEB00939322 /* HistoryViewModel.swift */ = {isa = PBXFileReference; lastKnownFileType = sourcecode.swift; path = HistoryViewModel.swift; sourceTree = "<group>"; };
		DA1D98A92CD25D9700939322 /* LimitTasksInProgressView.swift */ = {isa = PBXFileReference; lastKnownFileType = sourcecode.swift; path = LimitTasksInProgressView.swift; sourceTree = "<group>"; };
		DA1F10D12C9AF139004A2AB0 /* ReminderRow.swift */ = {isa = PBXFileReference; lastKnownFileType = sourcecode.swift; path = ReminderRow.swift; sourceTree = "<group>"; };
		DA1F10D32C9AF162004A2AB0 /* SubheadingSection.swift */ = {isa = PBXFileReference; lastKnownFileType = sourcecode.swift; path = SubheadingSection.swift; sourceTree = "<group>"; };
		DA1F10D52C9AF182004A2AB0 /* SubheadingHeader.swift */ = {isa = PBXFileReference; lastKnownFileType = sourcecode.swift; path = SubheadingHeader.swift; sourceTree = "<group>"; };
		DA1F10D72C9AF1B3004A2AB0 /* View+Extensions.swift */ = {isa = PBXFileReference; lastKnownFileType = sourcecode.swift; path = "View+Extensions.swift"; sourceTree = "<group>"; };
		DA1F10D92C9B041C004A2AB0 /* SearchViewModel.swift */ = {isa = PBXFileReference; lastKnownFileType = sourcecode.swift; path = SearchViewModel.swift; sourceTree = "<group>"; };
		DA1F10DB2C9B0BC9004A2AB0 /* SwipeableTaskDetailViewWrapper.swift */ = {isa = PBXFileReference; lastKnownFileType = sourcecode.swift; path = SwipeableTaskDetailViewWrapper.swift; sourceTree = "<group>"; };
		DA1F10DD2C9B0C69004A2AB0 /* TagRowView.swift */ = {isa = PBXFileReference; lastKnownFileType = sourcecode.swift; path = TagRowView.swift; sourceTree = "<group>"; };
		DA1F10EA2C9B1CC2004A2AB0 /* AppSettings.swift */ = {isa = PBXFileReference; lastKnownFileType = sourcecode.swift; path = AppSettings.swift; sourceTree = "<group>"; };
		DA1F10ED2C9B2142004A2AB0 /* ColorUtilities.swift */ = {isa = PBXFileReference; lastKnownFileType = sourcecode.swift; path = ColorUtilities.swift; sourceTree = "<group>"; };
		DA28051B2CAEE2A70067601A /* UpcomingViewModel.swift */ = {isa = PBXFileReference; lastKnownFileType = sourcecode.swift; path = UpcomingViewModel.swift; sourceTree = "<group>"; };
		DA28051D2CAEE2D80067601A /* TaskView.swift */ = {isa = PBXFileReference; lastKnownFileType = sourcecode.swift; path = TaskView.swift; sourceTree = "<group>"; };
		DA33C4E32C9864D9002F2613 /* AddSubHeadingView.swift */ = {isa = PBXFileReference; lastKnownFileType = sourcecode.swift; path = AddSubHeadingView.swift; sourceTree = "<group>"; };
		DA33C4E62C986760002F2613 /* AddReminderViewModel.swift */ = {isa = PBXFileReference; lastKnownFileType = sourcecode.swift; path = AddReminderViewModel.swift; sourceTree = "<group>"; };
		DA33C4E82C9867BB002F2613 /* TitleFieldView.swift */ = {isa = PBXFileReference; lastKnownFileType = sourcecode.swift; path = TitleFieldView.swift; sourceTree = "<group>"; };
		DA33C4EC2C98680A002F2613 /* ListFieldView.swift */ = {isa = PBXFileReference; lastKnownFileType = sourcecode.swift; path = ListFieldView.swift; sourceTree = "<group>"; };
		DA33C4EE2C98681D002F2613 /* PriorityFieldView.swift */ = {isa = PBXFileReference; lastKnownFileType = sourcecode.swift; path = PriorityFieldView.swift; sourceTree = "<group>"; };
		DA33C4F02C986831002F2613 /* LinkFieldView.swift */ = {isa = PBXFileReference; lastKnownFileType = sourcecode.swift; path = LinkFieldView.swift; sourceTree = "<group>"; };
		DA33C4F22C986844002F2613 /* NotificationsFieldView.swift */ = {isa = PBXFileReference; lastKnownFileType = sourcecode.swift; path = NotificationsFieldView.swift; sourceTree = "<group>"; };
		DA33C4F42C98685B002F2613 /* TagsFieldView.swift */ = {isa = PBXFileReference; lastKnownFileType = sourcecode.swift; path = TagsFieldView.swift; sourceTree = "<group>"; };
		DA33C4F62C98686F002F2613 /* NotesFieldView.swift */ = {isa = PBXFileReference; lastKnownFileType = sourcecode.swift; path = NotesFieldView.swift; sourceTree = "<group>"; };
		DA33C4F82C986885002F2613 /* VoiceNoteButton.swift */ = {isa = PBXFileReference; lastKnownFileType = sourcecode.swift; path = VoiceNoteButton.swift; sourceTree = "<group>"; };
		DA33C4FA2C98689D002F2613 /* PhotosFieldView.swift */ = {isa = PBXFileReference; lastKnownFileType = sourcecode.swift; path = PhotosFieldView.swift; sourceTree = "<group>"; };
		DA33C4FC2C9868AF002F2613 /* ButtonRowView.swift */ = {isa = PBXFileReference; lastKnownFileType = sourcecode.swift; path = ButtonRowView.swift; sourceTree = "<group>"; };
		DA33C4FE2C9869E7002F2613 /* ExpandedPhotoOverlayView.swift */ = {isa = PBXFileReference; lastKnownFileType = sourcecode.swift; path = ExpandedPhotoOverlayView.swift; sourceTree = "<group>"; };
		DA33C5022C987646002F2613 /* ListViewModel.swift */ = {isa = PBXFileReference; lastKnownFileType = sourcecode.swift; path = ListViewModel.swift; sourceTree = "<group>"; };
		DA35FB622CDBEAC6009208E4 /* TaskLimitManager.swift */ = {isa = PBXFileReference; lastKnownFileType = sourcecode.swift; path = TaskLimitManager.swift; sourceTree = "<group>"; };
		DA3897DF2CDE5CBF00D83878 /* MoveTaskView.swift */ = {isa = PBXFileReference; lastKnownFileType = sourcecode.swift; path = MoveTaskView.swift; sourceTree = "<group>"; };
		DA3897E12CDE603000D83878 /* RepeatFieldView.swift */ = {isa = PBXFileReference; lastKnownFileType = sourcecode.swift; path = RepeatFieldView.swift; sourceTree = "<group>"; };
		DA3BFC372C9C1DAC00E16F05 /* Paywall.swift */ = {isa = PBXFileReference; lastKnownFileType = sourcecode.swift; path = Paywall.swift; sourceTree = "<group>"; };
		DA3BFC392C9C1E2200E16F05 /* SubscriptionManager.swift */ = {isa = PBXFileReference; lastKnownFileType = sourcecode.swift; path = SubscriptionManager.swift; sourceTree = "<group>"; };
		DA3BFC572C9C372200E16F05 /* TaskDetailViewModel.swift */ = {isa = PBXFileReference; lastKnownFileType = sourcecode.swift; path = TaskDetailViewModel.swift; sourceTree = "<group>"; };
		DA44BFA42CDFCD87005C4BBB /* Notification+Names.swift */ = {isa = PBXFileReference; lastKnownFileType = sourcecode.swift; path = "Notification+Names.swift"; sourceTree = "<group>"; };
		DA486DF12CF498AA0062813A /* NoSubheadingDropZone.swift */ = {isa = PBXFileReference; lastKnownFileType = sourcecode.swift; path = NoSubheadingDropZone.swift; sourceTree = "<group>"; };
		DA4D95E82CDD464B00687CB9 /* TitleTextField.swift */ = {isa = PBXFileReference; lastKnownFileType = sourcecode.swift; path = TitleTextField.swift; sourceTree = "<group>"; };
		DA4FF9832CF7151F0011F4E5 /* LocationPermissionManager.swift */ = {isa = PBXFileReference; lastKnownFileType = sourcecode.swift; path = LocationPermissionManager.swift; sourceTree = "<group>"; };
		DA4FF9852CF778100011F4E5 /* TaskLimitChecker.swift */ = {isa = PBXFileReference; lastKnownFileType = sourcecode.swift; path = TaskLimitChecker.swift; sourceTree = "<group>"; };
		DA53502F2CFB1E87000F9EEF /* ColorEntityManager.swift.swift */ = {isa = PBXFileReference; lastKnownFileType = sourcecode.swift; path = ColorEntityManager.swift.swift; sourceTree = "<group>"; };
		DA5350312CFB1E87000F9EEF /* PersistenceController.swift */ = {isa = PBXFileReference; lastKnownFileType = sourcecode.swift; path = PersistenceController.swift; sourceTree = "<group>"; };
		DA5350322CFB1E87000F9EEF /* ReminderToken.swift */ = {isa = PBXFileReference; lastKnownFileType = sourcecode.swift; path = ReminderToken.swift; sourceTree = "<group>"; };
		DA5350332CFB1E87000F9EEF /* TimelineModels.swift */ = {isa = PBXFileReference; lastKnownFileType = sourcecode.swift; path = TimelineModels.swift; sourceTree = "<group>"; };
		DA5AD4352CEA4F9700AB9800 /* ErrorView.swift */ = {isa = PBXFileReference; lastKnownFileType = sourcecode.swift; path = ErrorView.swift; sourceTree = "<group>"; };
		DA5B3F392CA6C23500ECF757 /* Upcoming.swift */ = {isa = PBXFileReference; lastKnownFileType = sourcecode.swift; path = Upcoming.swift; sourceTree = "<group>"; };
		DA6320432C9081D400E58414 /* WidgetKit.framework */ = {isa = PBXFileReference; lastKnownFileType = wrapper.framework; name = WidgetKit.framework; path = /System/Library/Frameworks/WidgetKit.framework; sourceTree = "<absolute>"; };
		DA6320452C9081D400E58414 /* SwiftUI.framework */ = {isa = PBXFileReference; lastKnownFileType = wrapper.framework; name = SwiftUI.framework; path = /System/Library/Frameworks/SwiftUI.framework; sourceTree = "<absolute>"; };
		DA66720D2C944588002BF8FC /* VoiceNoteSheetView.swift */ = {isa = PBXFileReference; lastKnownFileType = sourcecode.swift; path = VoiceNoteSheetView.swift; sourceTree = "<group>"; };
		DA69714D2CC5B2690050D108 /* SearchBar.swift */ = {isa = PBXFileReference; lastKnownFileType = sourcecode.swift; path = SearchBar.swift; sourceTree = "<group>"; };
		DA7D7D492C808E3D00CC258C /* Hexagon.app */ = {isa = PBXFileReference; explicitFileType = wrapper.application; includeInIndex = 0; path = Hexagon.app; sourceTree = BUILT_PRODUCTS_DIR; };
		DA7D7D4C2C808E3D00CC258C /* HexagonApp.swift */ = {isa = PBXFileReference; lastKnownFileType = sourcecode.swift; path = HexagonApp.swift; sourceTree = "<group>"; };
		DA7D7D552C808E3E00CC258C /* Assets.xcassets */ = {isa = PBXFileReference; lastKnownFileType = folder.assetcatalog; path = Assets.xcassets; sourceTree = "<group>"; };
		DA7D7D572C808E3E00CC258C /* Hexagon.entitlements */ = {isa = PBXFileReference; lastKnownFileType = text.plist.entitlements; path = Hexagon.entitlements; sourceTree = "<group>"; };
		DA7D7D592C808E3E00CC258C /* Preview Assets.xcassets */ = {isa = PBXFileReference; lastKnownFileType = folder.assetcatalog; path = "Preview Assets.xcassets"; sourceTree = "<group>"; };
		DA7D7D802C80907500CC258C /* CustomOperators.swift */ = {isa = PBXFileReference; lastKnownFileType = sourcecode.swift; path = CustomOperators.swift; sourceTree = "<group>"; };
		DA7D7D842C80909200CC258C /* ImagePicker.swift */ = {isa = PBXFileReference; lastKnownFileType = sourcecode.swift; path = ImagePicker.swift; sourceTree = "<group>"; };
		DA7D7D922C80914000CC258C /* TaskScheduleView.swift */ = {isa = PBXFileReference; lastKnownFileType = sourcecode.swift; path = TaskScheduleView.swift; sourceTree = "<group>"; };
		DA7D7D942C80915100CC258C /* AgendaView.swift */ = {isa = PBXFileReference; lastKnownFileType = sourcecode.swift; path = AgendaView.swift; sourceTree = "<group>"; };
		DA7D7D962C80916000CC258C /* DateHeaderView.swift */ = {isa = PBXFileReference; lastKnownFileType = sourcecode.swift; path = DateHeaderView.swift; sourceTree = "<group>"; };
		DA7D7D982C80917500CC258C /* TimeSlotsView.swift */ = {isa = PBXFileReference; lastKnownFileType = sourcecode.swift; path = TimeSlotsView.swift; sourceTree = "<group>"; };
		DA7D7D9A2C80918B00CC258C /* EventView.swift */ = {isa = PBXFileReference; lastKnownFileType = sourcecode.swift; path = EventView.swift; sourceTree = "<group>"; };
		DA7D7DA22C8091D000CC258C /* AppearanceSettingsView.swift */ = {isa = PBXFileReference; lastKnownFileType = sourcecode.swift; path = AppearanceSettingsView.swift; sourceTree = "<group>"; };
		DA7D7DA62C8091F000CC258C /* DateSettingsView.swift */ = {isa = PBXFileReference; lastKnownFileType = sourcecode.swift; path = DateSettingsView.swift; sourceTree = "<group>"; };
		DA7D7DB02C80926200CC258C /* FloatingActionButton.swift */ = {isa = PBXFileReference; lastKnownFileType = sourcecode.swift; path = FloatingActionButton.swift; sourceTree = "<group>"; };
		DA7D7DB42C80929200CC258C /* ColorPickerView.swift */ = {isa = PBXFileReference; lastKnownFileType = sourcecode.swift; path = ColorPickerView.swift; sourceTree = "<group>"; };
		DA7D7DB72C80932C00CC258C /* SymbolPickerView.swift */ = {isa = PBXFileReference; lastKnownFileType = sourcecode.swift; path = SymbolPickerView.swift; sourceTree = "<group>"; };
		DA7D7DB92C80934600CC258C /* ListCardView.swift */ = {isa = PBXFileReference; lastKnownFileType = sourcecode.swift; path = ListCardView.swift; sourceTree = "<group>"; };
		DA7D7DBD2C80939300CC258C /* WebView.swift */ = {isa = PBXFileReference; lastKnownFileType = sourcecode.swift; path = WebView.swift; sourceTree = "<group>"; };
		DA7D7DBF2C8093BF00CC258C /* ZoomableScrollView.swift */ = {isa = PBXFileReference; lastKnownFileType = sourcecode.swift; path = ZoomableScrollView.swift; sourceTree = "<group>"; };
		DA7D7DC12C80940A00CC258C /* TaskDetailView.swift */ = {isa = PBXFileReference; lastKnownFileType = sourcecode.swift; path = TaskDetailView.swift; sourceTree = "<group>"; };
		DA7D7DC72C80943600CC258C /* AddReminderView.swift */ = {isa = PBXFileReference; lastKnownFileType = sourcecode.swift; path = AddReminderView.swift; sourceTree = "<group>"; };
		DA7D7DC92C80944700CC258C /* NotificationSheetView.swift */ = {isa = PBXFileReference; lastKnownFileType = sourcecode.swift; path = NotificationSheetView.swift; sourceTree = "<group>"; };
		DA7D7DCB2C80945600CC258C /* TagsSheetView.swift */ = {isa = PBXFileReference; lastKnownFileType = sourcecode.swift; path = TagsSheetView.swift; sourceTree = "<group>"; };
		DA7D7DCD2C80946A00CC258C /* PrioritySheetView.swift */ = {isa = PBXFileReference; lastKnownFileType = sourcecode.swift; path = PrioritySheetView.swift; sourceTree = "<group>"; };
		DA7D7DCF2C80947700CC258C /* ListSheetView.swift */ = {isa = PBXFileReference; lastKnownFileType = sourcecode.swift; path = ListSheetView.swift; sourceTree = "<group>"; };
		DA7D7DD12C80948300CC258C /* PhotosSheetView.swift */ = {isa = PBXFileReference; lastKnownFileType = sourcecode.swift; path = PhotosSheetView.swift; sourceTree = "<group>"; };
		DA7D7DD32C80949800CC258C /* NotesSheetView.swift */ = {isa = PBXFileReference; lastKnownFileType = sourcecode.swift; path = NotesSheetView.swift; sourceTree = "<group>"; };
		DA7D7DD72C8094B700CC258C /* LinkSheetView.swift */ = {isa = PBXFileReference; lastKnownFileType = sourcecode.swift; path = LinkSheetView.swift; sourceTree = "<group>"; };
		DA7D7DDB2C8094EC00CC258C /* AddNewListView.swift */ = {isa = PBXFileReference; lastKnownFileType = sourcecode.swift; path = AddNewListView.swift; sourceTree = "<group>"; };
		DA7D7DDF2C80950F00CC258C /* ListDetailView.swift */ = {isa = PBXFileReference; lastKnownFileType = sourcecode.swift; path = ListDetailView.swift; sourceTree = "<group>"; };
		DA7D7DE52C80953E00CC258C /* SwipeableTaskDetailView.swift */ = {isa = PBXFileReference; lastKnownFileType = sourcecode.swift; path = SwipeableTaskDetailView.swift; sourceTree = "<group>"; };
		DA7D7DE72C80955300CC258C /* ContentView.swift */ = {isa = PBXFileReference; lastKnownFileType = sourcecode.swift; path = ContentView.swift; sourceTree = "<group>"; };
		DA7D7DE92C80955F00CC258C /* SettingsView.swift */ = {isa = PBXFileReference; lastKnownFileType = sourcecode.swift; path = SettingsView.swift; sourceTree = "<group>"; };
		DA7D7DEF2C80958400CC258C /* ListsView.swift */ = {isa = PBXFileReference; lastKnownFileType = sourcecode.swift; path = ListsView.swift; sourceTree = "<group>"; };
		DA7D7E172C809E5D00CC258C /* Info.plist */ = {isa = PBXFileReference; lastKnownFileType = text.plist.xml; path = Info.plist; sourceTree = "<group>"; };
		DA7EAB962C8CEB3D00F577E3 /* permissionsView.swift */ = {isa = PBXFileReference; lastKnownFileType = sourcecode.swift; path = permissionsView.swift; sourceTree = "<group>"; };
		DA7EAB982C8E1EF400F577E3 /* WelcomeView.swift */ = {isa = PBXFileReference; lastKnownFileType = sourcecode.swift; path = WelcomeView.swift; sourceTree = "<group>"; };
		DA7EAB9B2C8E2DDA00F577E3 /* HexagonTips.swift */ = {isa = PBXFileReference; lastKnownFileType = sourcecode.swift; path = HexagonTips.swift; sourceTree = "<group>"; };
		DA8138842C9ABFE7000DDCFF /* UIHelper.swift */ = {isa = PBXFileReference; lastKnownFileType = sourcecode.swift; path = UIHelper.swift; sourceTree = "<group>"; };
		DA82130F2C93213200BC9B41 /* TaskTermSelectionView.swift */ = {isa = PBXFileReference; lastKnownFileType = sourcecode.swift; path = TaskTermSelectionView.swift; sourceTree = "<group>"; };
		DA8213112C93326D00BC9B41 /* CustomButton.swift */ = {isa = PBXFileReference; lastKnownFileType = sourcecode.swift; path = CustomButton.swift; sourceTree = "<group>"; };
		DA8D41982CEA0FC100B584A8 /* ReminderRowWrapper.swift */ = {isa = PBXFileReference; lastKnownFileType = sourcecode.swift; path = ReminderRowWrapper.swift; sourceTree = "<group>"; };
		DA8FA9962CF5C39E007B94EC /* HexWidget.appex */ = {isa = PBXFileReference; explicitFileType = "wrapper.app-extension"; includeInIndex = 0; path = HexWidget.appex; sourceTree = BUILT_PRODUCTS_DIR; };
		DA92BF412CD95EA700DBAD5C /* MediaManager.swift */ = {isa = PBXFileReference; lastKnownFileType = sourcecode.swift; path = MediaManager.swift; sourceTree = "<group>"; };
		DA92BF452CD95ED800DBAD5C /* SubHeadingViewModel.swift */ = {isa = PBXFileReference; lastKnownFileType = sourcecode.swift; path = SubHeadingViewModel.swift; sourceTree = "<group>"; };
		DA981FDD2C91F99C00E17318 /* Constants.swift */ = {isa = PBXFileReference; lastKnownFileType = sourcecode.swift; path = Constants.swift; sourceTree = "<group>"; };
		DAA8A2CD2CFF5C6500D5DAC8 /* ViewState.swift */ = {isa = PBXFileReference; lastKnownFileType = sourcecode.swift; path = ViewState.swift; sourceTree = "<group>"; };
		DAA8A3112CFF891600D5DAC8 /* AppError.swift */ = {isa = PBXFileReference; lastKnownFileType = sourcecode.swift; path = AppError.swift; sourceTree = "<group>"; };
		DAA8A3142CFF892300D5DAC8 /* DomainErrors.swift */ = {isa = PBXFileReference; lastKnownFileType = sourcecode.swift; path = DomainErrors.swift; sourceTree = "<group>"; };
		DAA8A31A2CFF893F00D5DAC8 /* ErrorHandlerService.swift */ = {isa = PBXFileReference; lastKnownFileType = sourcecode.swift; path = ErrorHandlerService.swift; sourceTree = "<group>"; };
		DAAB822A2C8B3A0F007605E4 /* AppDelegate.swift */ = {isa = PBXFileReference; lastKnownFileType = sourcecode.swift; path = AppDelegate.swift; sourceTree = "<group>"; };
		DAB05C1C2C9D8BF100BAC0A0 /* SwipeableTaskDetailViewModel.swift */ = {isa = PBXFileReference; lastKnownFileType = sourcecode.swift; path = SwipeableTaskDetailViewModel.swift; sourceTree = "<group>"; };
		DAC494B22CD764E5002AFD54 /* LocationMonitoringManager.swift */ = {isa = PBXFileReference; lastKnownFileType = sourcecode.swift; path = LocationMonitoringManager.swift; sourceTree = "<group>"; };
		DAC494B62CD77CCD002AFD54 /* TodayViewModel.swift */ = {isa = PBXFileReference; lastKnownFileType = sourcecode.swift; path = TodayViewModel.swift; sourceTree = "<group>"; };
		DACF55042CED0796001F0B42 /* DragStateManager.swift */ = {isa = PBXFileReference; lastKnownFileType = sourcecode.swift; path = DragStateManager.swift; sourceTree = "<group>"; };
		DACFB0BC2CE6219A005A7939 /* SubheadingManager.swift */ = {isa = PBXFileReference; lastKnownFileType = sourcecode.swift; path = SubheadingManager.swift; sourceTree = "<group>"; };
		DAD784FF2CF4BEE50032E427 /* AppIntents.swift */ = {isa = PBXFileReference; lastKnownFileType = sourcecode.swift; path = AppIntents.swift; sourceTree = "<group>"; };
		DAE2AA132CA5B2000033F4DB /* UIKit.framework */ = {isa = PBXFileReference; lastKnownFileType = wrapper.framework; name = UIKit.framework; path = Platforms/iPhoneOS.platform/Developer/SDKs/iPhoneOS18.0.sdk/System/Library/Frameworks/UIKit.framework; sourceTree = DEVELOPER_DIR; };
		DAEB30192CD67B4300EFE350 /* SavedLocationsView.swift */ = {isa = PBXFileReference; lastKnownFileType = sourcecode.swift; path = SavedLocationsView.swift; sourceTree = "<group>"; };
		DAF05E1A2CF0EA2E00F534D2 /* ReminderDropDelegate.swift */ = {isa = PBXFileReference; lastKnownFileType = sourcecode.swift; path = ReminderDropDelegate.swift; sourceTree = "<group>"; };
/* End PBXFileReference section */

/* Begin PBXFileSystemSynchronizedBuildFileExceptionSet section */
		DA5350602CFB3F16000F9EEF /* Exceptions for "HexWidget" folder in "Hexagon" target */ = {
			isa = PBXFileSystemSynchronizedBuildFileExceptionSet;
			membershipExceptions = (
				AppIntent.swift,
			);
			target = DA7D7D482C808E3D00CC258C /* Hexagon */;
		};
		DA5350B92CFB44CA000F9EEF /* Exceptions for "Services" folder in "HexWidget" target */ = {
			isa = PBXFileSystemSynchronizedBuildFileExceptionSet;
			membershipExceptions = (
				CalendarService.swift,
				ListService.swift,
				LocationService.swift,
				MapSearchService.swift,
				PerformanceMonitor.swift,
				PhotoService.swift,
				ReminderFetchingService.swift,
				ReminderFetchingServiceUI.swift,
				ReminderModificationService.swift,
				SubheadingService.swift,
				TagService.swift,
			);
			target = DA8FA9952CF5C39E007B94EC /* HexWidget */;
		};
		DA5350BD2CFB44D4000F9EEF /* Exceptions for "CoreData" folder in "Hexagon" target */ = {
			isa = PBXFileSystemSynchronizedBuildFileExceptionSet;
			membershipExceptions = (
				"+ext/ReminderExtensions.swift",
				model/HexagonModel.xcdatamodeld,
				"NSManagedObjectSubclasses/CustomFilter+CoreDataClass.swift",
				"NSManagedObjectSubclasses/CustomFilter+CoreDataProperties.swift",
				"NSManagedObjectSubclasses/FocusFilter+CoreDataClass.swift",
				"NSManagedObjectSubclasses/FocusFilter+CoreDataProperties.swift",
				"NSManagedObjectSubclasses/Location+CoreDataClass.swift",
				"NSManagedObjectSubclasses/Location+CoreDataProperties.swift",
				"NSManagedObjectSubclasses/Reminder+CoreDataClass.swift",
				"NSManagedObjectSubclasses/Reminder+CoreDataProperties.swift",
				"NSManagedObjectSubclasses/ReminderPhoto+CoreDataClass.swift",
				"NSManagedObjectSubclasses/ReminderPhoto+CoreDataProperties.swift",
				"NSManagedObjectSubclasses/ReminderTag+CoreDataClass.swift",
				"NSManagedObjectSubclasses/ReminderTag+CoreDataProperties.swift",
				"NSManagedObjectSubclasses/SubHeading+CoreDataClass.swift",
				"NSManagedObjectSubclasses/SubHeading+CoreDataProperties.swift",
				"NSManagedObjectSubclasses/TaskList+CoreDataClass.swift",
				"NSManagedObjectSubclasses/TaskList+CoreDataProperties.swift",
				"NSManagedObjectSubclasses/VoiceNote+CoreDataClass.swift",
				"NSManagedObjectSubclasses/VoiceNote+CoreDataProperties.swift",
			);
			target = DA7D7D482C808E3D00CC258C /* Hexagon */;
		};
		DA5350BE2CFB44D4000F9EEF /* Exceptions for "CoreData" folder in "HexWidget" target */ = {
			isa = PBXFileSystemSynchronizedBuildFileExceptionSet;
			membershipExceptions = (
				"+ext/ReminderExtensions.swift",
				model/HexagonModel.xcdatamodeld,
				"NSManagedObjectSubclasses/CustomFilter+CoreDataClass.swift",
				"NSManagedObjectSubclasses/CustomFilter+CoreDataProperties.swift",
				"NSManagedObjectSubclasses/FocusFilter+CoreDataClass.swift",
				"NSManagedObjectSubclasses/FocusFilter+CoreDataProperties.swift",
				"NSManagedObjectSubclasses/Location+CoreDataClass.swift",
				"NSManagedObjectSubclasses/Location+CoreDataProperties.swift",
				"NSManagedObjectSubclasses/Reminder+CoreDataClass.swift",
				"NSManagedObjectSubclasses/Reminder+CoreDataProperties.swift",
				"NSManagedObjectSubclasses/ReminderPhoto+CoreDataClass.swift",
				"NSManagedObjectSubclasses/ReminderPhoto+CoreDataProperties.swift",
				"NSManagedObjectSubclasses/ReminderTag+CoreDataClass.swift",
				"NSManagedObjectSubclasses/ReminderTag+CoreDataProperties.swift",
				"NSManagedObjectSubclasses/SubHeading+CoreDataClass.swift",
				"NSManagedObjectSubclasses/SubHeading+CoreDataProperties.swift",
				"NSManagedObjectSubclasses/TaskList+CoreDataClass.swift",
				"NSManagedObjectSubclasses/TaskList+CoreDataProperties.swift",
				"NSManagedObjectSubclasses/VoiceNote+CoreDataClass.swift",
				"NSManagedObjectSubclasses/VoiceNote+CoreDataProperties.swift",
			);
			target = DA8FA9952CF5C39E007B94EC /* HexWidget */;
		};
		DA5350F12CFB44EE000F9EEF /* Exceptions for "Protocols" folder in "Hexagon" target */ = {
			isa = PBXFileSystemSynchronizedBuildFileExceptionSet;
			membershipExceptions = (
				CoreProtocols.swift,
				DataTypes.swift,
				DefaultImplementations.swift,
				IdentifiableError.swift,
				TransferModels.swift,
			);
			target = DA7D7D482C808E3D00CC258C /* Hexagon */;
		};
		DA5350F22CFB44EE000F9EEF /* Exceptions for "Protocols" folder in "HexWidget" target */ = {
			isa = PBXFileSystemSynchronizedBuildFileExceptionSet;
			membershipExceptions = (
				CoreProtocols.swift,
				DataTypes.swift,
				DefaultImplementations.swift,
				IdentifiableError.swift,
				TransferModels.swift,
			);
			target = DA8FA9952CF5C39E007B94EC /* HexWidget */;
		};
		DA5351132CFB44FE000F9EEF /* Exceptions for "Services" folder in "Hexagon" target */ = {
			isa = PBXFileSystemSynchronizedBuildFileExceptionSet;
			membershipExceptions = (
				CalendarService.swift,
				ListService.swift,
				LocationService.swift,
				MapSearchService.swift,
				PerformanceMonitor.swift,
				PhotoService.swift,
				ReminderFetchingService.swift,
				ReminderFetchingServiceUI.swift,
				ReminderModificationService.swift,
				SubheadingService.swift,
				TagService.swift,
			);
			target = DA7D7D482C808E3D00CC258C /* Hexagon */;
		};
		DA8FA9A82CF5C3A0007B94EC /* Exceptions for "HexWidget" folder in "HexWidget" target */ = {
			isa = PBXFileSystemSynchronizedBuildFileExceptionSet;
			membershipExceptions = (
				Info.plist,
			);
			target = DA8FA9952CF5C39E007B94EC /* HexWidget */;
		};
/* End PBXFileSystemSynchronizedBuildFileExceptionSet section */

/* Begin PBXFileSystemSynchronizedRootGroup section */
		DA53507D2CFB44CA000F9EEF /* CoreData */ = {
			isa = PBXFileSystemSynchronizedRootGroup;
			exceptions = (
				DA5350BD2CFB44D4000F9EEF /* Exceptions for "CoreData" folder in "Hexagon" target */,
				DA5350BE2CFB44D4000F9EEF /* Exceptions for "CoreData" folder in "HexWidget" target */,
			);
			path = CoreData;
			sourceTree = "<group>";
		};
		DA5350842CFB44CA000F9EEF /* Protocols */ = {
			isa = PBXFileSystemSynchronizedRootGroup;
			exceptions = (
				DA5350F12CFB44EE000F9EEF /* Exceptions for "Protocols" folder in "Hexagon" target */,
				DA5350F22CFB44EE000F9EEF /* Exceptions for "Protocols" folder in "HexWidget" target */,
			);
			path = Protocols;
			sourceTree = "<group>";
		};
		DA5350902CFB44CA000F9EEF /* Services */ = {
			isa = PBXFileSystemSynchronizedRootGroup;
			exceptions = (
				DA5351132CFB44FE000F9EEF /* Exceptions for "Services" folder in "Hexagon" target */,
				DA5350B92CFB44CA000F9EEF /* Exceptions for "Services" folder in "HexWidget" target */,
			);
			path = Services;
			sourceTree = "<group>";
		};
		DA5C521A2CEC78A500A6D28F /* Today */ = {
			isa = PBXFileSystemSynchronizedRootGroup;
			path = Today;
			sourceTree = "<group>";
		};
		DA8FA9992CF5C39E007B94EC /* HexWidget */ = {
			isa = PBXFileSystemSynchronizedRootGroup;
			exceptions = (
				DA5350602CFB3F16000F9EEF /* Exceptions for "HexWidget" folder in "Hexagon" target */,
				DA8FA9A82CF5C3A0007B94EC /* Exceptions for "HexWidget" folder in "HexWidget" target */,
			);
			path = HexWidget;
			sourceTree = "<group>";
		};
/* End PBXFileSystemSynchronizedRootGroup section */

/* Begin PBXFrameworksBuildPhase section */
		DA7D7D462C808E3D00CC258C /* Frameworks */ = {
			isa = PBXFrameworksBuildPhase;
			buildActionMask = 2147483647;
			files = (
			);
			runOnlyForDeploymentPostprocessing = 0;
		};
		DA8FA9932CF5C39E007B94EC /* Frameworks */ = {
			isa = PBXFrameworksBuildPhase;
			buildActionMask = 2147483647;
			files = (
				DA8FA9982CF5C39E007B94EC /* SwiftUI.framework in Frameworks */,
				DA8FA9972CF5C39E007B94EC /* WidgetKit.framework in Frameworks */,
			);
			runOnlyForDeploymentPostprocessing = 0;
		};
/* End PBXFrameworksBuildPhase section */

/* Begin PBXGroup section */
		DA1344B12CD62D8E001BA9F6 /* Entry point */ = {
			isa = PBXGroup;
			children = (
				DA7D7D4C2C808E3D00CC258C /* HexagonApp.swift */,
				DAAB822A2C8B3A0F007605E4 /* AppDelegate.swift */,
				DA7D7DE72C80955300CC258C /* ContentView.swift */,
			);
			path = "Entry point";
			sourceTree = "<group>";
		};
		DA1D98802CD23BD300939322 /* History */ = {
			isa = PBXGroup;
			children = (
				DA1D98812CD23BD900939322 /* HistoryView.swift */,
			);
			path = History;
			sourceTree = "<group>";
		};
		DA33C4E52C986740002F2613 /* View_Models */ = {
			isa = PBXGroup;
			children = (
				DA92BF452CD95ED800DBAD5C /* SubHeadingViewModel.swift */,
				DAC494B62CD77CCD002AFD54 /* TodayViewModel.swift */,
				DA1B479A2CD669740044D540 /* LocationViewModel.swift */,
				DA1D98832CD23BEB00939322 /* HistoryViewModel.swift */,
				DA28051B2CAEE2A70067601A /* UpcomingViewModel.swift */,
				DAB05C1C2C9D8BF100BAC0A0 /* SwipeableTaskDetailViewModel.swift */,
				DA3BFC572C9C372200E16F05 /* TaskDetailViewModel.swift */,
				DA1F10D92C9B041C004A2AB0 /* SearchViewModel.swift */,
				DA07096D2C99E04F002D1F35 /* ListDetailViewModel.swift */,
				DA33C4E62C986760002F2613 /* AddReminderViewModel.swift */,
				DA33C5022C987646002F2613 /* ListViewModel.swift */,
			);
			path = View_Models;
			sourceTree = "<group>";
		};
		DA3BFC3C2C9C230C00E16F05 /* Managers */ = {
			isa = PBXGroup;
			children = (
				DA4FF9832CF7151F0011F4E5 /* LocationPermissionManager.swift */,
				DACFB0BC2CE6219A005A7939 /* SubheadingManager.swift */,
				DA35FB622CDBEAC6009208E4 /* TaskLimitManager.swift */,
				DA92BF412CD95EA700DBAD5C /* MediaManager.swift */,
				DAC494B22CD764E5002AFD54 /* LocationMonitoringManager.swift */,
				DA1F10EA2C9B1CC2004A2AB0 /* AppSettings.swift */,
				DA3BFC392C9C1E2200E16F05 /* SubscriptionManager.swift */,
			);
			path = Managers;
			sourceTree = "<group>";
		};
		DA3BFC3D2C9C238700E16F05 /* Utilities */ = {
			isa = PBXGroup;
			children = (
				DA1F10ED2C9B2142004A2AB0 /* ColorUtilities.swift */,
				DA7D7D802C80907500CC258C /* CustomOperators.swift */,
				DA981FDD2C91F99C00E17318 /* Constants.swift */,
				DA8138842C9ABFE7000DDCFF /* UIHelper.swift */,
			);
			path = Utilities;
			sourceTree = "<group>";
		};
		DA3BFC432C9C290400E16F05 /* Features */ = {
			isa = PBXGroup;
			children = (
				DA486DF12CF498AA0062813A /* NoSubheadingDropZone.swift */,
				DA5C521A2CEC78A500A6D28F /* Today */,
				DA5C52192CEC789200A6D28F /* Error */,
				DA1D98802CD23BD300939322 /* History */,
				DA5B3F382CA6C22E00ECF757 /* Upcoming */,
				DAB05C1B2C9D627600BAC0A0 /* Scheduling */,
				DAB05C1A2C9D625900BAC0A0 /* Settings */,
				DAB05C182C9D620400BAC0A0 /* Tips */,
				DAB05C172C9D61B400BAC0A0 /* Onboarding */,
				DAB05C162C9D61AD00BAC0A0 /* Paywall */,
				DAB05C152C9D60AE00BAC0A0 /* Subheadings */,
				DA3BFC4B2C9C294900E16F05 /* Reminders */,
				DA3BFC4A2C9C293C00E16F05 /* Location */,
				DA3BFC492C9C293500E16F05 /* VoiceNotes */,
				DA3BFC482C9C293000E16F05 /* Notes */,
				DA3BFC472C9C292800E16F05 /* Links */,
				DA3BFC462C9C291F00E16F05 /* Notifications */,
				DA3BFC452C9C291800E16F05 /* Tags */,
				DA3BFC442C9C291100E16F05 /* Lists */,
			);
			path = Features;
			sourceTree = "<group>";
		};
		DA3BFC442C9C291100E16F05 /* Lists */ = {
			isa = PBXGroup;
			children = (
				DA7D7DB92C80934600CC258C /* ListCardView.swift */,
				DA07096F2C99E9AC002D1F35 /* ListItemView.swift */,
				DA7D7DDF2C80950F00CC258C /* ListDetailView.swift */,
				DA7D7DEF2C80958400CC258C /* ListsView.swift */,
				DA7D7DCF2C80947700CC258C /* ListSheetView.swift */,
				DA7D7DDB2C8094EC00CC258C /* AddNewListView.swift */,
			);
			path = Lists;
			sourceTree = "<group>";
		};
		DA3BFC452C9C291800E16F05 /* Tags */ = {
			isa = PBXGroup;
			children = (
				DA3BFC522C9C2ACC00E16F05 /* Components */,
				DA3BFC512C9C2AC500E16F05 /* Views */,
			);
			path = Tags;
			sourceTree = "<group>";
		};
		DA3BFC462C9C291F00E16F05 /* Notifications */ = {
			isa = PBXGroup;
			children = (
				DA7D7DC92C80944700CC258C /* NotificationSheetView.swift */,
			);
			path = Notifications;
			sourceTree = "<group>";
		};
		DA3BFC472C9C292800E16F05 /* Links */ = {
			isa = PBXGroup;
			children = (
				DA7D7DD72C8094B700CC258C /* LinkSheetView.swift */,
				DA7D7DBD2C80939300CC258C /* WebView.swift */,
			);
			path = Links;
			sourceTree = "<group>";
		};
		DA3BFC482C9C293000E16F05 /* Notes */ = {
			isa = PBXGroup;
			children = (
				DA7D7DD32C80949800CC258C /* NotesSheetView.swift */,
			);
			path = Notes;
			sourceTree = "<group>";
		};
		DA3BFC492C9C293500E16F05 /* VoiceNotes */ = {
			isa = PBXGroup;
			children = (
				DA66720D2C944588002BF8FC /* VoiceNoteSheetView.swift */,
			);
			path = VoiceNotes;
			sourceTree = "<group>";
		};
		DA3BFC4A2C9C293C00E16F05 /* Location */ = {
			isa = PBXGroup;
			children = (
				DA3BFC502C9C2A5000E16F05 /* Views */,
				DA3BFC4F2C9C2A4400E16F05 /* Components */,
			);
			path = Location;
			sourceTree = "<group>";
		};
		DA3BFC4B2C9C294900E16F05 /* Reminders */ = {
			isa = PBXGroup;
			children = (
				DA3BFC562C9C2F2E00E16F05 /* Views */,
				DA3BFC552C9C2F0300E16F05 /* Components */,
			);
			path = Reminders;
			sourceTree = "<group>";
		};
		DA3BFC4C2C9C298300E16F05 /* Shared */ = {
			isa = PBXGroup;
			children = (
				DA3BFC4E2C9C299C00E16F05 /* Extensions */,
				DA3BFC4D2C9C299000E16F05 /* Components */,
			);
			path = Shared;
			sourceTree = "<group>";
		};
		DA3BFC4D2C9C299000E16F05 /* Components */ = {
			isa = PBXGroup;
			children = (
				DA4D95E82CDD464B00687CB9 /* TitleTextField.swift */,
				DA69714D2CC5B2690050D108 /* SearchBar.swift */,
				DA33C4FE2C9869E7002F2613 /* ExpandedPhotoOverlayView.swift */,
				DA7D7DBF2C8093BF00CC258C /* ZoomableScrollView.swift */,
				DA33C4FC2C9868AF002F2613 /* ButtonRowView.swift */,
			);
			path = Components;
			sourceTree = "<group>";
		};
		DA3BFC4E2C9C299C00E16F05 /* Extensions */ = {
			isa = PBXGroup;
			children = (
				DA1F10D72C9AF1B3004A2AB0 /* View+Extensions.swift */,
				DA44BFA42CDFCD87005C4BBB /* Notification+Names.swift */,
			);
			path = Extensions;
			sourceTree = "<group>";
		};
		DA3BFC4F2C9C2A4400E16F05 /* Components */ = {
			isa = PBXGroup;
			children = (
			);
			path = Components;
			sourceTree = "<group>";
		};
		DA3BFC502C9C2A5000E16F05 /* Views */ = {
			isa = PBXGroup;
			children = (
				DAEB30192CD67B4300EFE350 /* SavedLocationsView.swift */,
				DA1B479C2CD66A480044D540 /* MapView.swift */,
			);
			path = Views;
			sourceTree = "<group>";
		};
		DA3BFC512C9C2AC500E16F05 /* Views */ = {
			isa = PBXGroup;
			children = (
				DA7D7DCB2C80945600CC258C /* TagsSheetView.swift */,
			);
			path = Views;
			sourceTree = "<group>";
		};
		DA3BFC522C9C2ACC00E16F05 /* Components */ = {
			isa = PBXGroup;
			children = (
				DA1F10DD2C9B0C69004A2AB0 /* TagRowView.swift */,
			);
			path = Components;
			sourceTree = "<group>";
		};
		DA3BFC552C9C2F0300E16F05 /* Components */ = {
			isa = PBXGroup;
			children = (
				DA4FF9852CF778100011F4E5 /* TaskLimitChecker.swift */,
				DA3897E12CDE603000D83878 /* RepeatFieldView.swift */,
				DA33C4E82C9867BB002F2613 /* TitleFieldView.swift */,
				DA33C4EC2C98680A002F2613 /* ListFieldView.swift */,
				DA33C4EE2C98681D002F2613 /* PriorityFieldView.swift */,
				DA33C4F02C986831002F2613 /* LinkFieldView.swift */,
				DA33C4F22C986844002F2613 /* NotificationsFieldView.swift */,
				DA33C4F42C98685B002F2613 /* TagsFieldView.swift */,
				DA33C4F62C98686F002F2613 /* NotesFieldView.swift */,
				DA33C4F82C986885002F2613 /* VoiceNoteButton.swift */,
				DA33C4FA2C98689D002F2613 /* PhotosFieldView.swift */,
			);
			path = Components;
			sourceTree = "<group>";
		};
		DA3BFC562C9C2F2E00E16F05 /* Views */ = {
			isa = PBXGroup;
			children = (
				DA3897DF2CDE5CBF00D83878 /* MoveTaskView.swift */,
				DA7D7DC72C80943600CC258C /* AddReminderView.swift */,
				DA7D7DE52C80953E00CC258C /* SwipeableTaskDetailView.swift */,
				DA1F10DB2C9B0BC9004A2AB0 /* SwipeableTaskDetailViewWrapper.swift */,
				DA7D7DC12C80940A00CC258C /* TaskDetailView.swift */,
			);
			path = Views;
			sourceTree = "<group>";
		};
		DA4A07F22CA15C3900974DE6 /* Error */ = {
			isa = PBXGroup;
			children = (
			);
			path = Error;
			sourceTree = "<group>";
		};
		DA5350642CFB44BE000F9EEF /* Data */ = {
			isa = PBXGroup;
			children = (
				DA5350842CFB44CA000F9EEF /* Protocols */,
				DA5350902CFB44CA000F9EEF /* Services */,
				DA53502F2CFB1E87000F9EEF /* ColorEntityManager.swift.swift */,
				DA5350312CFB1E87000F9EEF /* PersistenceController.swift */,
				DA5350322CFB1E87000F9EEF /* ReminderToken.swift */,
				DA5350332CFB1E87000F9EEF /* TimelineModels.swift */,
			);
			path = Data;
			sourceTree = "<group>";
		};
		DA5B3F382CA6C22E00ECF757 /* Upcoming */ = {
			isa = PBXGroup;
			children = (
				DA28051D2CAEE2D80067601A /* TaskView.swift */,
				DA5B3F392CA6C23500ECF757 /* Upcoming.swift */,
			);
			path = Upcoming;
			sourceTree = "<group>";
		};
		DA5C52192CEC789200A6D28F /* Error */ = {
			isa = PBXGroup;
			children = (
				DA5AD4352CEA4F9700AB9800 /* ErrorView.swift */,
			);
			path = Error;
			sourceTree = "<group>";
		};
		DA6320422C9081D400E58414 /* Frameworks */ = {
			isa = PBXGroup;
			children = (
				DAE2AA132CA5B2000033F4DB /* UIKit.framework */,
				DA6320432C9081D400E58414 /* WidgetKit.framework */,
				DA6320452C9081D400E58414 /* SwiftUI.framework */,
			);
			name = Frameworks;
			sourceTree = "<group>";
		};
		DA7D7D402C808E3D00CC258C = {
			isa = PBXGroup;
			children = (
				DA7D7D4B2C808E3D00CC258C /* Hexagon */,
				DA8FA9992CF5C39E007B94EC /* HexWidget */,
				DA6320422C9081D400E58414 /* Frameworks */,
				DA7D7D4A2C808E3D00CC258C /* Products */,
			);
			sourceTree = "<group>";
		};
		DA7D7D4A2C808E3D00CC258C /* Products */ = {
			isa = PBXGroup;
			children = (
				DA7D7D492C808E3D00CC258C /* Hexagon.app */,
				DA8FA9962CF5C39E007B94EC /* HexWidget.appex */,
			);
			name = Products;
			sourceTree = "<group>";
		};
		DA7D7D4B2C808E3D00CC258C /* Hexagon */ = {
			isa = PBXGroup;
			children = (
				DA1C8BEA2D005EA300DB6E53 /* SubheadingView.swift */,
				DAA8A31A2CFF893F00D5DAC8 /* ErrorHandlerService.swift */,
				DAA8A3142CFF892300D5DAC8 /* DomainErrors.swift */,
				DAA8A3112CFF891600D5DAC8 /* AppError.swift */,
				DAA8A3102CFF7C2600D5DAC8 /* Models */,
				DA5350642CFB44BE000F9EEF /* Data */,
				DAD784FF2CF4BEE50032E427 /* AppIntents.swift */,
				DAF05E1A2CF0EA2E00F534D2 /* ReminderDropDelegate.swift */,
				DACF55042CED0796001F0B42 /* DragStateManager.swift */,
				DA7D7E172C809E5D00CC258C /* Info.plist */,
				DA1344B12CD62D8E001BA9F6 /* Entry point */,
				DA4A07F22CA15C3900974DE6 /* Error */,
				DA3BFC3C2C9C230C00E16F05 /* Managers */,
				DA3BFC3D2C9C238700E16F05 /* Utilities */,
				DA33C4E52C986740002F2613 /* View_Models */,
				DA7D7DB62C8092C300CC258C /* Views */,
				DA7D7D552C808E3E00CC258C /* Assets.xcassets */,
				DA7D7D572C808E3E00CC258C /* Hexagon.entitlements */,
				DA7D7D582C808E3E00CC258C /* Preview Content */,
				DA53507D2CFB44CA000F9EEF /* CoreData */,
			);
			path = Hexagon;
			sourceTree = "<group>";
		};
		DA7D7D582C808E3E00CC258C /* Preview Content */ = {
			isa = PBXGroup;
			children = (
				DA7D7D592C808E3E00CC258C /* Preview Assets.xcassets */,
			);
			path = "Preview Content";
			sourceTree = "<group>";
		};
		DA7D7DB62C8092C300CC258C /* Views */ = {
			isa = PBXGroup;
			children = (
				DA3BFC4C2C9C298300E16F05 /* Shared */,
				DA3BFC432C9C290400E16F05 /* Features */,
				DA7D7DB72C80932C00CC258C /* SymbolPickerView.swift */,
				DA7D7DD12C80948300CC258C /* PhotosSheetView.swift */,
				DA7D7D842C80909200CC258C /* ImagePicker.swift */,
				DA7D7DB42C80929200CC258C /* ColorPickerView.swift */,
				DA7D7DB02C80926200CC258C /* FloatingActionButton.swift */,
				DA8213112C93326D00BC9B41 /* CustomButton.swift */,
				DA7D7DCD2C80946A00CC258C /* PrioritySheetView.swift */,
				DA1F10D12C9AF139004A2AB0 /* ReminderRow.swift */,
				DA8D41982CEA0FC100B584A8 /* ReminderRowWrapper.swift */,
			);
			path = Views;
			sourceTree = "<group>";
		};
		DAA8A3102CFF7C2600D5DAC8 /* Models */ = {
			isa = PBXGroup;
			children = (
				DAA8A2CD2CFF5C6500D5DAC8 /* ViewState.swift */,
			);
			path = Models;
			sourceTree = "<group>";
		};
		DAB05C152C9D60AE00BAC0A0 /* Subheadings */ = {
			isa = PBXGroup;
			children = (
				DA1F10D52C9AF182004A2AB0 /* SubheadingHeader.swift */,
				DA33C4E32C9864D9002F2613 /* AddSubHeadingView.swift */,
				DA1F10D32C9AF162004A2AB0 /* SubheadingSection.swift */,
			);
			path = Subheadings;
			sourceTree = "<group>";
		};
		DAB05C162C9D61AD00BAC0A0 /* Paywall */ = {
			isa = PBXGroup;
			children = (
				DA3BFC372C9C1DAC00E16F05 /* Paywall.swift */,
			);
			path = Paywall;
			sourceTree = "<group>";
		};
		DAB05C172C9D61B400BAC0A0 /* Onboarding */ = {
			isa = PBXGroup;
			children = (
				DA7EAB982C8E1EF400F577E3 /* WelcomeView.swift */,
				DA7EAB962C8CEB3D00F577E3 /* permissionsView.swift */,
				DA82130F2C93213200BC9B41 /* TaskTermSelectionView.swift */,
			);
			path = Onboarding;
			sourceTree = "<group>";
		};
		DAB05C182C9D620400BAC0A0 /* Tips */ = {
			isa = PBXGroup;
			children = (
				DA7EAB9B2C8E2DDA00F577E3 /* HexagonTips.swift */,
			);
			path = Tips;
			sourceTree = "<group>";
		};
		DAB05C1A2C9D625900BAC0A0 /* Settings */ = {
			isa = PBXGroup;
			children = (
				DA1D98A92CD25D9700939322 /* LimitTasksInProgressView.swift */,
				DA7D7DE92C80955F00CC258C /* SettingsView.swift */,
				DA7D7DA22C8091D000CC258C /* AppearanceSettingsView.swift */,
				DA7D7DA62C8091F000CC258C /* DateSettingsView.swift */,
			);
			path = Settings;
			sourceTree = "<group>";
		};
		DAB05C1B2C9D627600BAC0A0 /* Scheduling */ = {
			isa = PBXGroup;
			children = (
				DA7D7D922C80914000CC258C /* TaskScheduleView.swift */,
				DA7D7D942C80915100CC258C /* AgendaView.swift */,
				DA7D7D9A2C80918B00CC258C /* EventView.swift */,
				DA7D7D982C80917500CC258C /* TimeSlotsView.swift */,
				DA7D7D962C80916000CC258C /* DateHeaderView.swift */,
			);
			path = Scheduling;
			sourceTree = "<group>";
		};
/* End PBXGroup section */

/* Begin PBXNativeTarget section */
		DA7D7D482C808E3D00CC258C /* Hexagon */ = {
			isa = PBXNativeTarget;
			buildConfigurationList = DA7D7D5D2C808E3E00CC258C /* Build configuration list for PBXNativeTarget "Hexagon" */;
			buildPhases = (
				DA7D7D452C808E3D00CC258C /* Sources */,
				DA7D7D462C808E3D00CC258C /* Frameworks */,
				DA7D7D472C808E3D00CC258C /* Resources */,
				DA6320552C9081D400E58414 /* Embed Foundation Extensions */,
				DAD785122CF4D8E10032E427 /* Embed Frameworks */,
			);
			buildRules = (
			);
			dependencies = (
				DA8FA9A32CF5C3A0007B94EC /* PBXTargetDependency */,
			);
			fileSystemSynchronizedGroups = (
				DA5C521A2CEC78A500A6D28F /* Today */,
			);
			name = Hexagon;
			productName = Hexagon;
			productReference = DA7D7D492C808E3D00CC258C /* Hexagon.app */;
			productType = "com.apple.product-type.application";
		};
		DA8FA9952CF5C39E007B94EC /* HexWidget */ = {
			isa = PBXNativeTarget;
			buildConfigurationList = DA8FA9A52CF5C3A0007B94EC /* Build configuration list for PBXNativeTarget "HexWidget" */;
			buildPhases = (
				DA8FA9922CF5C39E007B94EC /* Sources */,
				DA8FA9932CF5C39E007B94EC /* Frameworks */,
				DA8FA9942CF5C39E007B94EC /* Resources */,
			);
			buildRules = (
			);
			dependencies = (
			);
			fileSystemSynchronizedGroups = (
				DA8FA9992CF5C39E007B94EC /* HexWidget */,
			);
			name = HexWidget;
			packageProductDependencies = (
			);
			productName = HexWidgetExtension;
			productReference = DA8FA9962CF5C39E007B94EC /* HexWidget.appex */;
			productType = "com.apple.product-type.app-extension";
		};
/* End PBXNativeTarget section */

/* Begin PBXProject section */
		DA7D7D412C808E3D00CC258C /* Project object */ = {
			isa = PBXProject;
			attributes = {
				BuildIndependentTargetsInParallel = 1;
				LastSwiftUpdateCheck = 1610;
				LastUpgradeCheck = 1610;
				TargetAttributes = {
					DA7D7D482C808E3D00CC258C = {
						CreatedOnToolsVersion = 15.4;
					};
					DA8FA9952CF5C39E007B94EC = {
						CreatedOnToolsVersion = 16.1;
					};
				};
			};
			buildConfigurationList = DA7D7D442C808E3D00CC258C /* Build configuration list for PBXProject "Hexagon" */;
			developmentRegion = en;
			hasScannedForEncodings = 0;
			knownRegions = (
				en,
				Base,
			);
			mainGroup = DA7D7D402C808E3D00CC258C;
			packageReferences = (
			);
			preferredProjectObjectVersion = 77;
			productRefGroup = DA7D7D4A2C808E3D00CC258C /* Products */;
			projectDirPath = "";
			projectRoot = "";
			targets = (
				DA7D7D482C808E3D00CC258C /* Hexagon */,
				DA8FA9952CF5C39E007B94EC /* HexWidget */,
			);
		};
/* End PBXProject section */

/* Begin PBXResourcesBuildPhase section */
		DA7D7D472C808E3D00CC258C /* Resources */ = {
			isa = PBXResourcesBuildPhase;
			buildActionMask = 2147483647;
			files = (
				DA7D7D5A2C808E3E00CC258C /* Preview Assets.xcassets in Resources */,
				DA7D7D562C808E3E00CC258C /* Assets.xcassets in Resources */,
			);
			runOnlyForDeploymentPostprocessing = 0;
		};
		DA8FA9942CF5C39E007B94EC /* Resources */ = {
			isa = PBXResourcesBuildPhase;
			buildActionMask = 2147483647;
			files = (
			);
			runOnlyForDeploymentPostprocessing = 0;
		};
/* End PBXResourcesBuildPhase section */

/* Begin PBXSourcesBuildPhase section */
		DA7D7D452C808E3D00CC258C /* Sources */ = {
			isa = PBXSourcesBuildPhase;
			buildActionMask = 2147483647;
			files = (
				DA4FF9862CF778110011F4E5 /* TaskLimitChecker.swift in Sources */,
				DA1F10DC2C9B0BD3004A2AB0 /* SwipeableTaskDetailViewWrapper.swift in Sources */,
				DA0709702C99E9B1002D1F35 /* ListItemView.swift in Sources */,
				DA33C4F72C98686F002F2613 /* NotesFieldView.swift in Sources */,
				DA1C8BEB2D005EAB00DB6E53 /* SubheadingView.swift in Sources */,
				DA33C4E92C9867BB002F2613 /* TitleFieldView.swift in Sources */,
				DAA8A3152CFF892300D5DAC8 /* DomainErrors.swift in Sources */,
				DA7D7DC22C80940A00CC258C /* TaskDetailView.swift in Sources */,
				DA1D98842CD23BEC00939322 /* HistoryViewModel.swift in Sources */,
				DA1F10EE2C9B2147004A2AB0 /* ColorUtilities.swift in Sources */,
				DA7D7D932C80914000CC258C /* TaskScheduleView.swift in Sources */,
				DA3BFC3A2C9C1E2600E16F05 /* SubscriptionManager.swift in Sources */,
				DA92BF462CD95ED800DBAD5C /* SubHeadingViewModel.swift in Sources */,
				DA8D41992CEA0FC800B584A8 /* ReminderRowWrapper.swift in Sources */,
				DA33C4FD2C9868AF002F2613 /* ButtonRowView.swift in Sources */,
				DA7D7D4D2C808E3D00CC258C /* HexagonApp.swift in Sources */,
				DA28051E2CAEE2E30067601A /* TaskView.swift in Sources */,
				DA33C4FB2C98689D002F2613 /* PhotosFieldView.swift in Sources */,
				DA7D7DC02C8093BF00CC258C /* ZoomableScrollView.swift in Sources */,
				DA1D98AA2CD25D9C00939322 /* LimitTasksInProgressView.swift in Sources */,
				DA7D7DBE2C80939300CC258C /* WebView.swift in Sources */,
				DA1F10D62C9AF184004A2AB0 /* SubheadingHeader.swift in Sources */,
				DACF55052CED0797001F0B42 /* DragStateManager.swift in Sources */,
				DA7D7DE02C80950F00CC258C /* ListDetailView.swift in Sources */,
				DA33C4F12C986831002F2613 /* LinkFieldView.swift in Sources */,
				DA33C4F92C986885002F2613 /* VoiceNoteButton.swift in Sources */,
				DA7D7D852C80909200CC258C /* ImagePicker.swift in Sources */,
				DA44BFA52CDFCD88005C4BBB /* Notification+Names.swift in Sources */,
				DA1F10D42C9AF163004A2AB0 /* SubheadingSection.swift in Sources */,
				DA7D7DC82C80943600CC258C /* AddReminderView.swift in Sources */,
				DA8213122C93326D00BC9B41 /* CustomButton.swift in Sources */,
				DAB05C1D2C9D8BF400BAC0A0 /* SwipeableTaskDetailViewModel.swift in Sources */,
				DA486DF22CF498AD0062813A /* NoSubheadingDropZone.swift in Sources */,
				DA7D7D992C80917500CC258C /* TimeSlotsView.swift in Sources */,
				DA8138852C9ABFEA000DDCFF /* UIHelper.swift in Sources */,
				DA7D7DB82C80932C00CC258C /* SymbolPickerView.swift in Sources */,
				DA1F10DA2C9B041D004A2AB0 /* SearchViewModel.swift in Sources */,
				DA1F10DE2C9B0C6A004A2AB0 /* TagRowView.swift in Sources */,
				DA7D7D812C80907500CC258C /* CustomOperators.swift in Sources */,
				DA33C4E42C9864D9002F2613 /* AddSubHeadingView.swift in Sources */,
				DA7D7DF02C80958400CC258C /* ListsView.swift in Sources */,
				DA7D7DCE2C80946A00CC258C /* PrioritySheetView.swift in Sources */,
				DA1D98822CD23BDA00939322 /* HistoryView.swift in Sources */,
				DA66720E2C944588002BF8FC /* VoiceNoteSheetView.swift in Sources */,
				DAC494B32CD764F0002AFD54 /* LocationMonitoringManager.swift in Sources */,
				DA7EAB992C8E1EF400F577E3 /* WelcomeView.swift in Sources */,
				DA3BFC582C9C372500E16F05 /* TaskDetailViewModel.swift in Sources */,
				DA7EAB972C8CEB3D00F577E3 /* permissionsView.swift in Sources */,
				DA3BFC382C9C1DAC00E16F05 /* Paywall.swift in Sources */,
				DA7D7DD42C80949800CC258C /* NotesSheetView.swift in Sources */,
				DA1F10D82C9AF1B6004A2AB0 /* View+Extensions.swift in Sources */,
				DA5350F82CFB44FD000F9EEF /* ReminderToken.swift in Sources */,
				DA5350FC2CFB44FD000F9EEF /* ColorEntityManager.swift.swift in Sources */,
				DAA8A31B2CFF894000D5DAC8 /* ErrorHandlerService.swift in Sources */,
				DA5350FE2CFB44FD000F9EEF /* TimelineModels.swift in Sources */,
				DA5351012CFB44FD000F9EEF /* PersistenceController.swift in Sources */,
				DA33C5032C987646002F2613 /* ListViewModel.swift in Sources */,
				DA7D7DA32C8091D000CC258C /* AppearanceSettingsView.swift in Sources */,
				DAA8A2CF2CFF5C6500D5DAC8 /* ViewState.swift in Sources */,
				DA33C4F32C986844002F2613 /* NotificationsFieldView.swift in Sources */,
				DA33C4F52C98685B002F2613 /* TagsFieldView.swift in Sources */,
				DA7EAB9C2C8E2DDA00F577E3 /* HexagonTips.swift in Sources */,
				DA7D7DCA2C80944700CC258C /* NotificationSheetView.swift in Sources */,
				DA1F10EB2C9B1CC3004A2AB0 /* AppSettings.swift in Sources */,
				DACFB0BD2CE6219D005A7939 /* SubheadingManager.swift in Sources */,
				DA981FDE2C91F99C00E17318 /* Constants.swift in Sources */,
				DA7D7D9B2C80918B00CC258C /* EventView.swift in Sources */,
				DA7D7DB12C80926200CC258C /* FloatingActionButton.swift in Sources */,
				DAD785002CF4BEF10032E427 /* AppIntents.swift in Sources */,
				DA5B3F3A2CA6C23900ECF757 /* Upcoming.swift in Sources */,
				DA28051C2CAEE2A80067601A /* UpcomingViewModel.swift in Sources */,
				DA7D7D972C80916000CC258C /* DateHeaderView.swift in Sources */,
				DA3897E22CDE603100D83878 /* RepeatFieldView.swift in Sources */,
				DA7D7DD02C80947700CC258C /* ListSheetView.swift in Sources */,
				DA4FF9842CF715200011F4E5 /* LocationPermissionManager.swift in Sources */,
				DA7D7DA72C8091F000CC258C /* DateSettingsView.swift in Sources */,
				DA7D7DB52C80929200CC258C /* ColorPickerView.swift in Sources */,
				DA5AD4362CEA4F9800AB9800 /* ErrorView.swift in Sources */,
				DA3897E02CDE5CC000D83878 /* MoveTaskView.swift in Sources */,
				DA1B479D2CD66A4D0044D540 /* MapView.swift in Sources */,
				DA69714E2CC5B26A0050D108 /* SearchBar.swift in Sources */,
				DA33C4ED2C98680A002F2613 /* ListFieldView.swift in Sources */,
				DA92BF422CD95EA800DBAD5C /* MediaManager.swift in Sources */,
				DAF05E1B2CF0EA3300F534D2 /* ReminderDropDelegate.swift in Sources */,
				DA35FB632CDBEAC7009208E4 /* TaskLimitManager.swift in Sources */,
				DA7D7DE62C80953E00CC258C /* SwipeableTaskDetailView.swift in Sources */,
				DA4D95E92CDD465000687CB9 /* TitleTextField.swift in Sources */,
				DA7D7DEA2C80955F00CC258C /* SettingsView.swift in Sources */,
				DAC494B72CD77CD3002AFD54 /* TodayViewModel.swift in Sources */,
				DA7D7DCC2C80945600CC258C /* TagsSheetView.swift in Sources */,
				DA1B479B2CD6697B0044D540 /* LocationViewModel.swift in Sources */,
				DA7D7D952C80915100CC258C /* AgendaView.swift in Sources */,
				DA8213102C93213200BC9B41 /* TaskTermSelectionView.swift in Sources */,
				DAA8A3132CFF891600D5DAC8 /* AppError.swift in Sources */,
				DA33C4EF2C98681D002F2613 /* PriorityFieldView.swift in Sources */,
				DA7D7DD82C8094B700CC258C /* LinkSheetView.swift in Sources */,
				DA33C4FF2C9869E7002F2613 /* ExpandedPhotoOverlayView.swift in Sources */,
				DA7D7DDC2C8094EC00CC258C /* AddNewListView.swift in Sources */,
				DAAB822B2C8B3A0F007605E4 /* AppDelegate.swift in Sources */,
				DAEB301A2CD67B4900EFE350 /* SavedLocationsView.swift in Sources */,
				DA7D7DE82C80955300CC258C /* ContentView.swift in Sources */,
				DA07096E2C99E053002D1F35 /* ListDetailViewModel.swift in Sources */,
				DA1F10D22C9AF13B004A2AB0 /* ReminderRow.swift in Sources */,
				DA7D7DD22C80948300CC258C /* PhotosSheetView.swift in Sources */,
				DA7D7DBA2C80934600CC258C /* ListCardView.swift in Sources */,
				DA33C4E72C986760002F2613 /* AddReminderViewModel.swift in Sources */,
			);
			runOnlyForDeploymentPostprocessing = 0;
		};
		DA8FA9922CF5C39E007B94EC /* Sources */ = {
			isa = PBXSourcesBuildPhase;
			buildActionMask = 2147483647;
			files = (
				DAA8A3122CFF891600D5DAC8 /* AppError.swift in Sources */,
				DAA8A2D52CFF5C6500D5DAC8 /* ViewState.swift in Sources */,
				DA8FA9DC2CF5C809007B94EC /* Notification+Names.swift in Sources */,
				DA5350612CFB4482000F9EEF /* PersistenceController.swift in Sources */,
				DA5351142CFB45D4000F9EEF /* ListDetailViewModel.swift in Sources */,
				DA5351032CFB44FD000F9EEF /* DragStateManager.swift in Sources */,
				DA5351072CFB44FD000F9EEF /* AppIntents.swift in Sources */,
				DA5351082CFB44FD000F9EEF /* ReminderDropDelegate.swift in Sources */,
				DAA8A3162CFF892300D5DAC8 /* DomainErrors.swift in Sources */,
				DA5351092CFB44FD000F9EEF /* ColorEntityManager.swift.swift in Sources */,
				DA53510B2CFB44FD000F9EEF /* ReminderToken.swift in Sources */,
				DAA8A31C2CFF894000D5DAC8 /* ErrorHandlerService.swift in Sources */,
				DA53510C2CFB44FD000F9EEF /* TimelineModels.swift in Sources */,
				DA5351152CFB45E8000F9EEF /* SearchViewModel.swift in Sources */,
			);
			runOnlyForDeploymentPostprocessing = 0;
		};
/* End PBXSourcesBuildPhase section */

/* Begin PBXTargetDependency section */
		DA8FA9A32CF5C3A0007B94EC /* PBXTargetDependency */ = {
			isa = PBXTargetDependency;
			target = DA8FA9952CF5C39E007B94EC /* HexWidget */;
			targetProxy = DA8FA9A22CF5C3A0007B94EC /* PBXContainerItemProxy */;
		};
/* End PBXTargetDependency section */

/* Begin XCBuildConfiguration section */
		DA7D7D5B2C808E3E00CC258C /* Debug */ = {
			isa = XCBuildConfiguration;
			buildSettings = {
				ALWAYS_SEARCH_USER_PATHS = NO;
				ASSETCATALOG_COMPILER_GENERATE_SWIFT_ASSET_SYMBOL_EXTENSIONS = YES;
				CLANG_ANALYZER_NONNULL = YES;
				CLANG_ANALYZER_NUMBER_OBJECT_CONVERSION = YES_AGGRESSIVE;
				CLANG_CXX_LANGUAGE_STANDARD = "gnu++20";
				CLANG_ENABLE_MODULES = YES;
				CLANG_ENABLE_OBJC_ARC = YES;
				CLANG_ENABLE_OBJC_WEAK = YES;
				CLANG_WARN_BLOCK_CAPTURE_AUTORELEASING = YES;
				CLANG_WARN_BOOL_CONVERSION = YES;
				CLANG_WARN_COMMA = YES;
				CLANG_WARN_CONSTANT_CONVERSION = YES;
				CLANG_WARN_DEPRECATED_OBJC_IMPLEMENTATIONS = YES;
				CLANG_WARN_DIRECT_OBJC_ISA_USAGE = YES_ERROR;
				CLANG_WARN_DOCUMENTATION_COMMENTS = YES;
				CLANG_WARN_EMPTY_BODY = YES;
				CLANG_WARN_ENUM_CONVERSION = YES;
				CLANG_WARN_INFINITE_RECURSION = YES;
				CLANG_WARN_INT_CONVERSION = YES;
				CLANG_WARN_NON_LITERAL_NULL_CONVERSION = YES;
				CLANG_WARN_OBJC_IMPLICIT_RETAIN_SELF = YES;
				CLANG_WARN_OBJC_LITERAL_CONVERSION = YES;
				CLANG_WARN_OBJC_ROOT_CLASS = YES_ERROR;
				CLANG_WARN_QUOTED_INCLUDE_IN_FRAMEWORK_HEADER = YES;
				CLANG_WARN_RANGE_LOOP_ANALYSIS = YES;
				CLANG_WARN_STRICT_PROTOTYPES = YES;
				CLANG_WARN_SUSPICIOUS_MOVE = YES;
				CLANG_WARN_UNGUARDED_AVAILABILITY = YES_AGGRESSIVE;
				CLANG_WARN_UNREACHABLE_CODE = YES;
				CLANG_WARN__DUPLICATE_METHOD_MATCH = YES;
				COPY_PHASE_STRIP = NO;
				DEAD_CODE_STRIPPING = YES;
				DEBUG_INFORMATION_FORMAT = dwarf;
				ENABLE_STRICT_OBJC_MSGSEND = YES;
				ENABLE_TESTABILITY = YES;
				ENABLE_USER_SCRIPT_SANDBOXING = YES;
				GCC_C_LANGUAGE_STANDARD = gnu17;
				GCC_DYNAMIC_NO_PIC = NO;
				GCC_NO_COMMON_BLOCKS = YES;
				GCC_OPTIMIZATION_LEVEL = 0;
				GCC_PREPROCESSOR_DEFINITIONS = (
					"DEBUG=1",
					"$(inherited)",
				);
				GCC_WARN_64_TO_32_BIT_CONVERSION = YES;
				GCC_WARN_ABOUT_RETURN_TYPE = YES_ERROR;
				GCC_WARN_UNDECLARED_SELECTOR = YES;
				GCC_WARN_UNINITIALIZED_AUTOS = YES_AGGRESSIVE;
				GCC_WARN_UNUSED_FUNCTION = YES;
				GCC_WARN_UNUSED_VARIABLE = YES;
				IPHONEOS_DEPLOYMENT_TARGET = 17.0;
				LOCALIZATION_PREFERS_STRING_CATALOGS = YES;
				MTL_ENABLE_DEBUG_INFO = INCLUDE_SOURCE;
				MTL_FAST_MATH = YES;
				ONLY_ACTIVE_ARCH = YES;
				SWIFT_ACTIVE_COMPILATION_CONDITIONS = "DEBUG $(inherited)";
				SWIFT_OPTIMIZATION_LEVEL = "-Onone";
			};
			name = Debug;
		};
		DA7D7D5C2C808E3E00CC258C /* Release */ = {
			isa = XCBuildConfiguration;
			buildSettings = {
				ALWAYS_SEARCH_USER_PATHS = NO;
				ASSETCATALOG_COMPILER_GENERATE_SWIFT_ASSET_SYMBOL_EXTENSIONS = YES;
				CLANG_ANALYZER_NONNULL = YES;
				CLANG_ANALYZER_NUMBER_OBJECT_CONVERSION = YES_AGGRESSIVE;
				CLANG_CXX_LANGUAGE_STANDARD = "gnu++20";
				CLANG_ENABLE_MODULES = YES;
				CLANG_ENABLE_OBJC_ARC = YES;
				CLANG_ENABLE_OBJC_WEAK = YES;
				CLANG_WARN_BLOCK_CAPTURE_AUTORELEASING = YES;
				CLANG_WARN_BOOL_CONVERSION = YES;
				CLANG_WARN_COMMA = YES;
				CLANG_WARN_CONSTANT_CONVERSION = YES;
				CLANG_WARN_DEPRECATED_OBJC_IMPLEMENTATIONS = YES;
				CLANG_WARN_DIRECT_OBJC_ISA_USAGE = YES_ERROR;
				CLANG_WARN_DOCUMENTATION_COMMENTS = YES;
				CLANG_WARN_EMPTY_BODY = YES;
				CLANG_WARN_ENUM_CONVERSION = YES;
				CLANG_WARN_INFINITE_RECURSION = YES;
				CLANG_WARN_INT_CONVERSION = YES;
				CLANG_WARN_NON_LITERAL_NULL_CONVERSION = YES;
				CLANG_WARN_OBJC_IMPLICIT_RETAIN_SELF = YES;
				CLANG_WARN_OBJC_LITERAL_CONVERSION = YES;
				CLANG_WARN_OBJC_ROOT_CLASS = YES_ERROR;
				CLANG_WARN_QUOTED_INCLUDE_IN_FRAMEWORK_HEADER = YES;
				CLANG_WARN_RANGE_LOOP_ANALYSIS = YES;
				CLANG_WARN_STRICT_PROTOTYPES = YES;
				CLANG_WARN_SUSPICIOUS_MOVE = YES;
				CLANG_WARN_UNGUARDED_AVAILABILITY = YES_AGGRESSIVE;
				CLANG_WARN_UNREACHABLE_CODE = YES;
				CLANG_WARN__DUPLICATE_METHOD_MATCH = YES;
				COPY_PHASE_STRIP = NO;
				DEAD_CODE_STRIPPING = YES;
				DEBUG_INFORMATION_FORMAT = "dwarf-with-dsym";
				ENABLE_NS_ASSERTIONS = NO;
				ENABLE_STRICT_OBJC_MSGSEND = YES;
				ENABLE_USER_SCRIPT_SANDBOXING = YES;
				GCC_C_LANGUAGE_STANDARD = gnu17;
				GCC_NO_COMMON_BLOCKS = YES;
				GCC_WARN_64_TO_32_BIT_CONVERSION = YES;
				GCC_WARN_ABOUT_RETURN_TYPE = YES_ERROR;
				GCC_WARN_UNDECLARED_SELECTOR = YES;
				GCC_WARN_UNINITIALIZED_AUTOS = YES_AGGRESSIVE;
				GCC_WARN_UNUSED_FUNCTION = YES;
				GCC_WARN_UNUSED_VARIABLE = YES;
				IPHONEOS_DEPLOYMENT_TARGET = 17.0;
				LOCALIZATION_PREFERS_STRING_CATALOGS = YES;
				MTL_ENABLE_DEBUG_INFO = NO;
				MTL_FAST_MATH = YES;
				SWIFT_COMPILATION_MODE = wholemodule;
			};
			name = Release;
		};
		DA7D7D5E2C808E3E00CC258C /* Debug */ = {
			isa = XCBuildConfiguration;
			buildSettings = {
				ASSETCATALOG_COMPILER_APPICON_NAME = AppIcon;
				ASSETCATALOG_COMPILER_GLOBAL_ACCENT_COLOR_NAME = AccentColor;
				CODE_SIGN_ENTITLEMENTS = Hexagon/Hexagon.entitlements;
				CODE_SIGN_STYLE = Automatic;
				CURRENT_PROJECT_VERSION = 1;
				DEAD_CODE_STRIPPING = YES;
				DEVELOPMENT_ASSET_PATHS = "\"Hexagon/Preview Content\"";
				DEVELOPMENT_TEAM = LPNV6TXTE4;
				ENABLE_HARDENED_RUNTIME = YES;
				ENABLE_PREVIEWS = YES;
				GENERATE_INFOPLIST_FILE = YES;
				INFOPLIST_FILE = Hexagon/Info.plist;
				INFOPLIST_KEY_CFBundleDisplayName = Hexagon;
				INFOPLIST_KEY_LSApplicationCategoryType = "public.app-category.productivity";
				INFOPLIST_KEY_NSCameraUsageDescription = "required to enable you directly add images to tasks";
				INFOPLIST_KEY_NSLocationAlwaysAndWhenInUseUsageDescription = "Hexagon needs to know your location in order to remind you of tasks at locations you specify";
				INFOPLIST_KEY_NSLocationWhenInUseUsageDescription = "Hexagon needs to know your location in order to remind you of tasks at locations you specify";
				INFOPLIST_KEY_NSMicrophoneUsageDescription = "Hexagon needs access to the microphone for recording voice notes.";
				INFOPLIST_KEY_NSPhotoLibraryUsageDescription = "Hexagon needs access to your photos so that you can add images to tasks";
				INFOPLIST_KEY_NSSiriUsageDescription = "Hexagon needs access to Siri so that you can add tasks using your voice";
				INFOPLIST_KEY_UIApplicationSceneManifest_Generation = YES;
				"INFOPLIST_KEY_UIApplicationSceneManifest_Generation[sdk=iphoneos*]" = YES;
				"INFOPLIST_KEY_UIApplicationSceneManifest_Generation[sdk=iphonesimulator*]" = YES;
				INFOPLIST_KEY_UIApplicationSupportsIndirectInputEvents = YES;
				"INFOPLIST_KEY_UIApplicationSupportsIndirectInputEvents[sdk=iphoneos*]" = YES;
				"INFOPLIST_KEY_UIApplicationSupportsIndirectInputEvents[sdk=iphonesimulator*]" = YES;
				INFOPLIST_KEY_UILaunchScreen_Generation = YES;
				"INFOPLIST_KEY_UILaunchScreen_Generation[sdk=iphoneos*]" = YES;
				"INFOPLIST_KEY_UILaunchScreen_Generation[sdk=iphonesimulator*]" = YES;
				INFOPLIST_KEY_UIStatusBarStyle = UIStatusBarStyleDefault;
				"INFOPLIST_KEY_UIStatusBarStyle[sdk=iphoneos*]" = UIStatusBarStyleDefault;
				"INFOPLIST_KEY_UIStatusBarStyle[sdk=iphonesimulator*]" = UIStatusBarStyleDefault;
				INFOPLIST_KEY_UISupportedInterfaceOrientations_iPad = "UIInterfaceOrientationPortrait UIInterfaceOrientationPortraitUpsideDown UIInterfaceOrientationLandscapeLeft UIInterfaceOrientationLandscapeRight";
				INFOPLIST_KEY_UISupportedInterfaceOrientations_iPhone = "UIInterfaceOrientationPortrait UIInterfaceOrientationLandscapeLeft UIInterfaceOrientationLandscapeRight";
				IPHONEOS_DEPLOYMENT_TARGET = 18.0;
				LD_RUNPATH_SEARCH_PATHS = "@executable_path/Frameworks";
				"LD_RUNPATH_SEARCH_PATHS[sdk=macosx*]" = "@executable_path/../Frameworks";
				MACOSX_DEPLOYMENT_TARGET = 14.5;
				MARKETING_VERSION = 1.0;
				PRODUCT_BUNDLE_IDENTIFIER = com.klynch.Hexagon;
				PRODUCT_NAME = "$(TARGET_NAME)";
				SDKROOT = iphoneos;
				SUPPORTED_PLATFORMS = "iphoneos iphonesimulator";
				SUPPORTS_MACCATALYST = NO;
				SUPPORTS_MAC_DESIGNED_FOR_IPHONE_IPAD = YES;
				SUPPORTS_XR_DESIGNED_FOR_IPHONE_IPAD = NO;
				SWIFT_EMIT_LOC_STRINGS = YES;
				SWIFT_VERSION = 5.0;
				TARGETED_DEVICE_FAMILY = "1,2";
			};
			name = Debug;
		};
		DA7D7D5F2C808E3E00CC258C /* Release */ = {
			isa = XCBuildConfiguration;
			buildSettings = {
				ASSETCATALOG_COMPILER_APPICON_NAME = AppIcon;
				ASSETCATALOG_COMPILER_GLOBAL_ACCENT_COLOR_NAME = AccentColor;
				CODE_SIGN_ENTITLEMENTS = Hexagon/Hexagon.entitlements;
				CODE_SIGN_STYLE = Automatic;
				CURRENT_PROJECT_VERSION = 1;
				DEAD_CODE_STRIPPING = YES;
				DEVELOPMENT_ASSET_PATHS = "\"Hexagon/Preview Content\"";
				DEVELOPMENT_TEAM = LPNV6TXTE4;
				ENABLE_HARDENED_RUNTIME = YES;
				ENABLE_PREVIEWS = YES;
				GENERATE_INFOPLIST_FILE = YES;
				INFOPLIST_FILE = Hexagon/Info.plist;
				INFOPLIST_KEY_CFBundleDisplayName = Hexagon;
				INFOPLIST_KEY_LSApplicationCategoryType = "public.app-category.productivity";
				INFOPLIST_KEY_NSCameraUsageDescription = "required to enable you directly add images to tasks";
				INFOPLIST_KEY_NSLocationAlwaysAndWhenInUseUsageDescription = "Hexagon needs to know your location in order to remind you of tasks at locations you specify";
				INFOPLIST_KEY_NSLocationWhenInUseUsageDescription = "Hexagon needs to know your location in order to remind you of tasks at locations you specify";
				INFOPLIST_KEY_NSMicrophoneUsageDescription = "Hexagon needs access to the microphone for recording voice notes.";
				INFOPLIST_KEY_NSPhotoLibraryUsageDescription = "Hexagon needs access to your photos so that you can add images to tasks";
				INFOPLIST_KEY_NSSiriUsageDescription = "Hexagon needs access to Siri so that you can add tasks using your voice";
				INFOPLIST_KEY_UIApplicationSceneManifest_Generation = YES;
				"INFOPLIST_KEY_UIApplicationSceneManifest_Generation[sdk=iphoneos*]" = YES;
				"INFOPLIST_KEY_UIApplicationSceneManifest_Generation[sdk=iphonesimulator*]" = YES;
				INFOPLIST_KEY_UIApplicationSupportsIndirectInputEvents = YES;
				"INFOPLIST_KEY_UIApplicationSupportsIndirectInputEvents[sdk=iphoneos*]" = YES;
				"INFOPLIST_KEY_UIApplicationSupportsIndirectInputEvents[sdk=iphonesimulator*]" = YES;
				INFOPLIST_KEY_UILaunchScreen_Generation = YES;
				"INFOPLIST_KEY_UILaunchScreen_Generation[sdk=iphoneos*]" = YES;
				"INFOPLIST_KEY_UILaunchScreen_Generation[sdk=iphonesimulator*]" = YES;
				INFOPLIST_KEY_UIStatusBarStyle = UIStatusBarStyleDefault;
				"INFOPLIST_KEY_UIStatusBarStyle[sdk=iphoneos*]" = UIStatusBarStyleDefault;
				"INFOPLIST_KEY_UIStatusBarStyle[sdk=iphonesimulator*]" = UIStatusBarStyleDefault;
				INFOPLIST_KEY_UISupportedInterfaceOrientations_iPad = "UIInterfaceOrientationPortrait UIInterfaceOrientationPortraitUpsideDown UIInterfaceOrientationLandscapeLeft UIInterfaceOrientationLandscapeRight";
				INFOPLIST_KEY_UISupportedInterfaceOrientations_iPhone = "UIInterfaceOrientationPortrait UIInterfaceOrientationLandscapeLeft UIInterfaceOrientationLandscapeRight";
				IPHONEOS_DEPLOYMENT_TARGET = 18.0;
				LD_RUNPATH_SEARCH_PATHS = "@executable_path/Frameworks";
				"LD_RUNPATH_SEARCH_PATHS[sdk=macosx*]" = "@executable_path/../Frameworks";
				MACOSX_DEPLOYMENT_TARGET = 14.5;
				MARKETING_VERSION = 1.0;
				PRODUCT_BUNDLE_IDENTIFIER = com.klynch.Hexagon;
				PRODUCT_NAME = "$(TARGET_NAME)";
				SDKROOT = iphoneos;
				SUPPORTED_PLATFORMS = "iphoneos iphonesimulator";
				SUPPORTS_MACCATALYST = NO;
				SUPPORTS_MAC_DESIGNED_FOR_IPHONE_IPAD = YES;
				SUPPORTS_XR_DESIGNED_FOR_IPHONE_IPAD = NO;
				SWIFT_EMIT_LOC_STRINGS = YES;
				SWIFT_VERSION = 5.0;
				TARGETED_DEVICE_FAMILY = "1,2";
			};
			name = Release;
		};
		DA8FA9A62CF5C3A0007B94EC /* Debug */ = {
			isa = XCBuildConfiguration;
			buildSettings = {
				ASSETCATALOG_COMPILER_GLOBAL_ACCENT_COLOR_NAME = AccentColor;
				ASSETCATALOG_COMPILER_WIDGET_BACKGROUND_COLOR_NAME = WidgetBackground;
				CODE_SIGN_ENTITLEMENTS = HexWidget/HexWidget.entitlements;
				CODE_SIGN_STYLE = Automatic;
				CURRENT_PROJECT_VERSION = 1;
				DEVELOPMENT_TEAM = LPNV6TXTE4;
				ENABLE_HARDENED_RUNTIME = NO;
				GENERATE_INFOPLIST_FILE = YES;
				INFOPLIST_FILE = HexWidget/Info.plist;
				INFOPLIST_KEY_CFBundleDisplayName = HexWidget;
				INFOPLIST_KEY_NSHumanReadableCopyright = "";
				IPHONEOS_DEPLOYMENT_TARGET = 18.0;
				LD_RUNPATH_SEARCH_PATHS = (
					"$(inherited)",
					"@executable_path/Frameworks",
					"@executable_path/../../Frameworks",
				);
				"LD_RUNPATH_SEARCH_PATHS[sdk=macosx*]" = (
					"$(inherited)",
					"@executable_path/../Frameworks",
					"@executable_path/../../../../Frameworks",
				);
				MACOSX_DEPLOYMENT_TARGET = 15.1;
				MARKETING_VERSION = 1.0;
				PRODUCT_BUNDLE_IDENTIFIER = com.klynch.Hexagon.HexWidget;
				PRODUCT_NAME = "$(TARGET_NAME)";
				SDKROOT = auto;
				SKIP_INSTALL = YES;
				SUPPORTED_PLATFORMS = "iphoneos iphonesimulator";
				SUPPORTS_MACCATALYST = NO;
				SUPPORTS_MAC_DESIGNED_FOR_IPHONE_IPAD = YES;
				SWIFT_EMIT_LOC_STRINGS = YES;
				SWIFT_OPTIMIZATION_LEVEL = "-Onone";
				SWIFT_VERSION = 5.0;
				TARGETED_DEVICE_FAMILY = "1,2";
				XROS_DEPLOYMENT_TARGET = 2.1;
			};
			name = Debug;
		};
		DA8FA9A72CF5C3A0007B94EC /* Release */ = {
			isa = XCBuildConfiguration;
			buildSettings = {
				ASSETCATALOG_COMPILER_GLOBAL_ACCENT_COLOR_NAME = AccentColor;
				ASSETCATALOG_COMPILER_WIDGET_BACKGROUND_COLOR_NAME = WidgetBackground;
				CODE_SIGN_ENTITLEMENTS = HexWidget/HexWidget.entitlements;
				CODE_SIGN_STYLE = Automatic;
				CURRENT_PROJECT_VERSION = 1;
				DEVELOPMENT_TEAM = LPNV6TXTE4;
				ENABLE_HARDENED_RUNTIME = NO;
				GENERATE_INFOPLIST_FILE = YES;
				INFOPLIST_FILE = HexWidget/Info.plist;
				INFOPLIST_KEY_CFBundleDisplayName = HexWidget;
				INFOPLIST_KEY_NSHumanReadableCopyright = "";
				IPHONEOS_DEPLOYMENT_TARGET = 18.0;
				LD_RUNPATH_SEARCH_PATHS = (
					"$(inherited)",
					"@executable_path/Frameworks",
					"@executable_path/../../Frameworks",
				);
				"LD_RUNPATH_SEARCH_PATHS[sdk=macosx*]" = (
					"$(inherited)",
					"@executable_path/../Frameworks",
					"@executable_path/../../../../Frameworks",
				);
				MACOSX_DEPLOYMENT_TARGET = 15.1;
				MARKETING_VERSION = 1.0;
				PRODUCT_BUNDLE_IDENTIFIER = com.klynch.Hexagon.HexWidget;
				PRODUCT_NAME = "$(TARGET_NAME)";
				SDKROOT = auto;
				SKIP_INSTALL = YES;
				SUPPORTED_PLATFORMS = "iphoneos iphonesimulator";
				SUPPORTS_MACCATALYST = NO;
				SUPPORTS_MAC_DESIGNED_FOR_IPHONE_IPAD = YES;
				SWIFT_EMIT_LOC_STRINGS = YES;
				SWIFT_VERSION = 5.0;
				TARGETED_DEVICE_FAMILY = "1,2";
				XROS_DEPLOYMENT_TARGET = 2.1;
			};
			name = Release;
		};
/* End XCBuildConfiguration section */

/* Begin XCConfigurationList section */
		DA7D7D442C808E3D00CC258C /* Build configuration list for PBXProject "Hexagon" */ = {
			isa = XCConfigurationList;
			buildConfigurations = (
				DA7D7D5B2C808E3E00CC258C /* Debug */,
				DA7D7D5C2C808E3E00CC258C /* Release */,
			);
			defaultConfigurationIsVisible = 0;
			defaultConfigurationName = Release;
		};
		DA7D7D5D2C808E3E00CC258C /* Build configuration list for PBXNativeTarget "Hexagon" */ = {
			isa = XCConfigurationList;
			buildConfigurations = (
				DA7D7D5E2C808E3E00CC258C /* Debug */,
				DA7D7D5F2C808E3E00CC258C /* Release */,
			);
			defaultConfigurationIsVisible = 0;
			defaultConfigurationName = Release;
		};
		DA8FA9A52CF5C3A0007B94EC /* Build configuration list for PBXNativeTarget "HexWidget" */ = {
			isa = XCConfigurationList;
			buildConfigurations = (
				DA8FA9A62CF5C3A0007B94EC /* Debug */,
				DA8FA9A72CF5C3A0007B94EC /* Release */,
			);
			defaultConfigurationIsVisible = 0;
			defaultConfigurationName = Release;
		};
/* End XCConfigurationList section */
	};
	rootObject = DA7D7D412C808E3D00CC258C /* Project object */;
}
